// !$*UTF8*$!
{
	archiveVersion = 1;
	classes = {
	};
	objectVersion = 51;
	objects = {

/* Begin PBXBuildFile section */
		276DAEB285FF71BC347390EF /* Pods_AlgoApp.framework in Frameworks */ = {isa = PBXBuildFile; fileRef = F5E6DCAD3B9166CFF0DCCEDE /* Pods_AlgoApp.framework */; };
		A11D99751AE990D7E13E5AB9 /* Pods_AlgoAppTests.framework in Frameworks */ = {isa = PBXBuildFile; fileRef = 6D787FA6064A8391A6A709A8 /* Pods_AlgoAppTests.framework */; };
		DE090AD2224C6352002AA465 /* SVProgressHUD+Extension.swift in Sources */ = {isa = PBXBuildFile; fileRef = DE090AD1224C6352002AA465 /* SVProgressHUD+Extension.swift */; };
		DE0B03C52258C00A00770AA7 /* NotesViewController.swift in Sources */ = {isa = PBXBuildFile; fileRef = DE0B03C42258C00A00770AA7 /* NotesViewController.swift */; };
		DE0B03CE2258F04400770AA7 /* NoteCell.swift in Sources */ = {isa = PBXBuildFile; fileRef = DE0B03CD2258F04400770AA7 /* NoteCell.swift */; };
		DE0B03D022599E2400770AA7 /* NotesViewModel.swift in Sources */ = {isa = PBXBuildFile; fileRef = DE0B03CF22599E2400770AA7 /* NotesViewModel.swift */; };
		DE0B03D222599F5800770AA7 /* Note.swift in Sources */ = {isa = PBXBuildFile; fileRef = DE0B03D122599F5800770AA7 /* Note.swift */; };
		DE0E515222070C2800BFBB0B /* AppDelegate.swift in Sources */ = {isa = PBXBuildFile; fileRef = DE0E515122070C2800BFBB0B /* AppDelegate.swift */; };
		DE0E515422070C2800BFBB0B /* HomeViewController.swift in Sources */ = {isa = PBXBuildFile; fileRef = DE0E515322070C2800BFBB0B /* HomeViewController.swift */; };
		DE0E515922070C2A00BFBB0B /* Assets.xcassets in Resources */ = {isa = PBXBuildFile; fileRef = DE0E515822070C2A00BFBB0B /* Assets.xcassets */; };
		DE0E516722070C2A00BFBB0B /* AlgoAppTests.swift in Sources */ = {isa = PBXBuildFile; fileRef = DE0E516622070C2A00BFBB0B /* AlgoAppTests.swift */; };
		DE0E517322082E2700BFBB0B /* HomeTableViewCell.swift in Sources */ = {isa = PBXBuildFile; fileRef = DE0E517222082E2700BFBB0B /* HomeTableViewCell.swift */; };
		DE0E517522082E5400BFBB0B /* HomeViewModel.swift in Sources */ = {isa = PBXBuildFile; fileRef = DE0E517422082E5400BFBB0B /* HomeViewModel.swift */; };
		DE0E5180220840A400BFBB0B /* Tag.swift in Sources */ = {isa = PBXBuildFile; fileRef = DE0E517E220840A400BFBB0B /* Tag.swift */; };
		DE0E5181220840A400BFBB0B /* Question.swift in Sources */ = {isa = PBXBuildFile; fileRef = DE0E517F220840A400BFBB0B /* Question.swift */; };
		DE0E51832208413E00BFBB0B /* Company.swift in Sources */ = {isa = PBXBuildFile; fileRef = DE0E51822208413E00BFBB0B /* Company.swift */; };
		DE0E51852208416100BFBB0B /* QuestionList.swift in Sources */ = {isa = PBXBuildFile; fileRef = DE0E51842208416100BFBB0B /* QuestionList.swift */; };
		DE0E51872208524200BFBB0B /* UIColor+Utility.swift in Sources */ = {isa = PBXBuildFile; fileRef = DE0E51862208524200BFBB0B /* UIColor+Utility.swift */; };
		DE0E518B22088A3200BFBB0B /* DetailViewController.swift in Sources */ = {isa = PBXBuildFile; fileRef = DE0E518A22088A3200BFBB0B /* DetailViewController.swift */; };
		DE0E518D22088A3F00BFBB0B /* DetailViewModel.swift in Sources */ = {isa = PBXBuildFile; fileRef = DE0E518C22088A3F00BFBB0B /* DetailViewModel.swift */; };
		DE0E518F22088F1C00BFBB0B /* QuestionCellModel.swift in Sources */ = {isa = PBXBuildFile; fileRef = DE0E518E22088F1C00BFBB0B /* QuestionCellModel.swift */; };
		DE0F99FB222F900F0034BF3E /* SolutionScraper.swift in Sources */ = {isa = PBXBuildFile; fileRef = DE0F99FA222F900F0034BF3E /* SolutionScraper.swift */; };
		DE112E9722337451003A5796 /* ReminderDetailViewController.swift in Sources */ = {isa = PBXBuildFile; fileRef = DE112E9622337451003A5796 /* ReminderDetailViewController.swift */; };
		DE112E992233E200003A5796 /* AppUtility.swift in Sources */ = {isa = PBXBuildFile; fileRef = DE112E982233E200003A5796 /* AppUtility.swift */; };
		DE112E9B223510D5003A5796 /* Reminder.swift in Sources */ = {isa = PBXBuildFile; fileRef = DE112E9A223510D5003A5796 /* Reminder.swift */; };
		DE112E9D223511B5003A5796 /* QuestionFilter.swift in Sources */ = {isa = PBXBuildFile; fileRef = DE112E9C223511B5003A5796 /* QuestionFilter.swift */; };
		DE112EA022351652003A5796 /* ReminderDetailViewModel.swift in Sources */ = {isa = PBXBuildFile; fileRef = DE112E9F22351652003A5796 /* ReminderDetailViewModel.swift */; };
		DE112EA22235169D003A5796 /* RemindersViewModel.swift in Sources */ = {isa = PBXBuildFile; fileRef = DE112EA12235169D003A5796 /* RemindersViewModel.swift */; };
		DE139D7F22436EC200879F89 /* Language.swift in Sources */ = {isa = PBXBuildFile; fileRef = DE139D7E22436EC200879F89 /* Language.swift */; };
		DE13A11622226A7F0091FF96 /* CodeViewController.swift in Sources */ = {isa = PBXBuildFile; fileRef = DE13A11522226A7F0091FF96 /* CodeViewController.swift */; };
		DE13A11822226B920091FF96 /* CodeViewModel.swift in Sources */ = {isa = PBXBuildFile; fileRef = DE13A11722226B920091FF96 /* CodeViewModel.swift */; };
		DE13A11A2222DEFB0091FF96 /* QuestionDetailModel.swift in Sources */ = {isa = PBXBuildFile; fileRef = DE13A1192222DEFB0091FF96 /* QuestionDetailModel.swift */; };
		DE1492D82245F42900B7E56C /* StoreHelper.swift in Sources */ = {isa = PBXBuildFile; fileRef = DE1492D72245F42900B7E56C /* StoreHelper.swift */; };
		DE157EA7221D399E0040B4E9 /* FilterViewController.swift in Sources */ = {isa = PBXBuildFile; fileRef = DE157EA6221D399E0040B4E9 /* FilterViewController.swift */; };
		DE157EA9221D39A90040B4E9 /* FilterViewModel.swift in Sources */ = {isa = PBXBuildFile; fileRef = DE157EA8221D39A90040B4E9 /* FilterViewModel.swift */; };
		DE170A02224BDFAB00B0FB56 /* ConfettiView.swift in Sources */ = {isa = PBXBuildFile; fileRef = DE170A01224BDFAB00B0FB56 /* ConfettiView.swift */; };
		DE195DC22219485F00BDDFB4 /* WebViewController.swift in Sources */ = {isa = PBXBuildFile; fileRef = DE195DC12219485F00BDDFB4 /* WebViewController.swift */; };
		DE1A9A1D22427EAA007E79F6 /* StoreKit.framework in Frameworks */ = {isa = PBXBuildFile; fileRef = DE1A9A1C22427EA9007E79F6 /* StoreKit.framework */; };
		DE1AC97022317BA30044D83D /* RemindersViewController.swift in Sources */ = {isa = PBXBuildFile; fileRef = DE1AC96F22317BA30044D83D /* RemindersViewController.swift */; };
		DE1BA9AD222BA918009C30B0 /* SettingsController.swift in Sources */ = {isa = PBXBuildFile; fileRef = DE1BA9AC222BA918009C30B0 /* SettingsController.swift */; };
		DE1BA9B0222C0D44009C30B0 /* UITabBarController+Extension.swift in Sources */ = {isa = PBXBuildFile; fileRef = DE1BA9AE222C0D44009C30B0 /* UITabBarController+Extension.swift */; };
		DE1BA9B1222C0D44009C30B0 /* UINavigationBar+Extension.swift in Sources */ = {isa = PBXBuildFile; fileRef = DE1BA9AF222C0D44009C30B0 /* UINavigationBar+Extension.swift */; };
		DE1C5DED22757A18001E544F /* UIViewController+Extension.swift in Sources */ = {isa = PBXBuildFile; fileRef = DE1C5DEC22757A18001E544F /* UIViewController+Extension.swift */; };
		DE1D26D0223CE9EA00AA9F68 /* AppConfigs.swift in Sources */ = {isa = PBXBuildFile; fileRef = DE1D26CF223CE9EA00AA9F68 /* AppConfigs.swift */; };
		DE1D26D2223CFD2500AA9F68 /* UIView+Extension.swift in Sources */ = {isa = PBXBuildFile; fileRef = DE1D26D1223CFD2500AA9F68 /* UIView+Extension.swift */; };
		DE1D26D4223E3C7800AA9F68 /* NotificationHelper.swift in Sources */ = {isa = PBXBuildFile; fileRef = DE1D26D3223E3C7800AA9F68 /* NotificationHelper.swift */; };
		DE1E284D225CFF7900F6E04E /* String+FormattedDescription.swift in Sources */ = {isa = PBXBuildFile; fileRef = DE1E284C225CFF7900F6E04E /* String+FormattedDescription.swift */; };
		DE1E399F2236C82900DD3465 /* ReminderCell.swift in Sources */ = {isa = PBXBuildFile; fileRef = DE1E399E2236C82900DD3465 /* ReminderCell.swift */; };
		DE24271422460E95000A10ED /* PannableNavigationController.swift in Sources */ = {isa = PBXBuildFile; fileRef = DE24271322460E95000A10ED /* PannableNavigationController.swift */; };
		DE24271722466CFD000A10ED /* FeatureDetailViewController.swift in Sources */ = {isa = PBXBuildFile; fileRef = DE24271622466CFD000A10ED /* FeatureDetailViewController.swift */; };
		DE24271922476129000A10ED /* PremiumDetailViewController.swift in Sources */ = {isa = PBXBuildFile; fileRef = DE24271822476129000A10ED /* PremiumDetailViewController.swift */; };
		DE24271B2247B716000A10ED /* PremiumDetailCell.swift in Sources */ = {isa = PBXBuildFile; fileRef = DE24271A2247B716000A10ED /* PremiumDetailCell.swift */; };
		DE314390226C2CF70063DC71 /* Home.storyboard in Resources */ = {isa = PBXBuildFile; fileRef = DE31438F226C2CF70063DC71 /* Home.storyboard */; };
		DE314392226C2D120063DC71 /* Reminders.storyboard in Resources */ = {isa = PBXBuildFile; fileRef = DE314391226C2D120063DC71 /* Reminders.storyboard */; };
		DE314394226C2E050063DC71 /* Settings.storyboard in Resources */ = {isa = PBXBuildFile; fileRef = DE314393226C2E050063DC71 /* Settings.storyboard */; };
		DE314397226C30D90063DC71 /* Notes.storyboard in Resources */ = {isa = PBXBuildFile; fileRef = DE314396226C30D90063DC71 /* Notes.storyboard */; };
		DE33353E226CCF0300F1D0F0 /* AppHelper.swift in Sources */ = {isa = PBXBuildFile; fileRef = DE33353D226CCF0300F1D0F0 /* AppHelper.swift */; };
		DE33354022740BC500F1D0F0 /* Solution.swift in Sources */ = {isa = PBXBuildFile; fileRef = DE33353F22740BC500F1D0F0 /* Solution.swift */; };
		DE33354222743EC000F1D0F0 /* default.realm in Resources */ = {isa = PBXBuildFile; fileRef = DE33354122743EC000F1D0F0 /* default.realm */; };
		DE5629532296ECBB001E84E1 /* RealmManager.swift in Sources */ = {isa = PBXBuildFile; fileRef = DE5629522296ECBB001E84E1 /* RealmManager.swift */; };
		DE58012B2292E99100A42183 /* CloudKit.framework in Frameworks */ = {isa = PBXBuildFile; fileRef = DE58012A2292E99100A42183 /* CloudKit.framework */; };
		DE79F00922511CA50051ECD1 /* AboutViewController.swift in Sources */ = {isa = PBXBuildFile; fileRef = DE79F00822511CA50051ECD1 /* AboutViewController.swift */; };
		DE79F00B225122EC0051ECD1 /* SortOptionsViewController.swift in Sources */ = {isa = PBXBuildFile; fileRef = DE79F00A225122EC0051ECD1 /* SortOptionsViewController.swift */; };
		DE84D29422ED732600800FB0 /* LaunchScreen.storyboard in Resources */ = {isa = PBXBuildFile; fileRef = DE0E515A22070C2A00BFBB0B /* LaunchScreen.storyboard */; };
		DEBFEE11224094E0005B1A7A /* UIApplication+RxSwift.swift in Sources */ = {isa = PBXBuildFile; fileRef = DEBFEE10224094E0005B1A7A /* UIApplication+RxSwift.swift */; };
		DEBFEE1322409539005B1A7A /* RxApplicationDelegateProxy.swift in Sources */ = {isa = PBXBuildFile; fileRef = DEBFEE1222409539005B1A7A /* RxApplicationDelegateProxy.swift */; };
/* End PBXBuildFile section */

/* Begin PBXContainerItemProxy section */
		DE0E516322070C2A00BFBB0B /* PBXContainerItemProxy */ = {
			isa = PBXContainerItemProxy;
			containerPortal = DE0E514622070C2800BFBB0B /* Project object */;
			proxyType = 1;
			remoteGlobalIDString = DE0E514D22070C2800BFBB0B;
			remoteInfo = AlgoApp;
		};
/* End PBXContainerItemProxy section */

/* Begin PBXFileReference section */
		3368C98989D391C3BC5ECFD7 /* Pods-AlgoApp.debug.xcconfig */ = {isa = PBXFileReference; includeInIndex = 1; lastKnownFileType = text.xcconfig; name = "Pods-AlgoApp.debug.xcconfig"; path = "Target Support Files/Pods-AlgoApp/Pods-AlgoApp.debug.xcconfig"; sourceTree = "<group>"; };
		5A9AFC62AE20EF134546795D /* Pods-AlgoAppTests.debug.xcconfig */ = {isa = PBXFileReference; includeInIndex = 1; lastKnownFileType = text.xcconfig; name = "Pods-AlgoAppTests.debug.xcconfig"; path = "Target Support Files/Pods-AlgoAppTests/Pods-AlgoAppTests.debug.xcconfig"; sourceTree = "<group>"; };
		5D1265D2208B2DF37901B85A /* Pods-AlgoAppTests.release.xcconfig */ = {isa = PBXFileReference; includeInIndex = 1; lastKnownFileType = text.xcconfig; name = "Pods-AlgoAppTests.release.xcconfig"; path = "Target Support Files/Pods-AlgoAppTests/Pods-AlgoAppTests.release.xcconfig"; sourceTree = "<group>"; };
		6D787FA6064A8391A6A709A8 /* Pods_AlgoAppTests.framework */ = {isa = PBXFileReference; explicitFileType = wrapper.framework; includeInIndex = 0; path = Pods_AlgoAppTests.framework; sourceTree = BUILT_PRODUCTS_DIR; };
		A67E541BC742ACC211D13E15 /* Pods-AlgoApp.release.xcconfig */ = {isa = PBXFileReference; includeInIndex = 1; lastKnownFileType = text.xcconfig; name = "Pods-AlgoApp.release.xcconfig"; path = "Target Support Files/Pods-AlgoApp/Pods-AlgoApp.release.xcconfig"; sourceTree = "<group>"; };
		DE090AD1224C6352002AA465 /* SVProgressHUD+Extension.swift */ = {isa = PBXFileReference; lastKnownFileType = sourcecode.swift; path = "SVProgressHUD+Extension.swift"; sourceTree = "<group>"; };
		DE0B03C42258C00A00770AA7 /* NotesViewController.swift */ = {isa = PBXFileReference; lastKnownFileType = sourcecode.swift; path = NotesViewController.swift; sourceTree = "<group>"; };
		DE0B03CD2258F04400770AA7 /* NoteCell.swift */ = {isa = PBXFileReference; lastKnownFileType = sourcecode.swift; path = NoteCell.swift; sourceTree = "<group>"; };
		DE0B03CF22599E2400770AA7 /* NotesViewModel.swift */ = {isa = PBXFileReference; lastKnownFileType = sourcecode.swift; path = NotesViewModel.swift; sourceTree = "<group>"; };
		DE0B03D122599F5800770AA7 /* Note.swift */ = {isa = PBXFileReference; lastKnownFileType = sourcecode.swift; path = Note.swift; sourceTree = "<group>"; };
		DE0E514E22070C2800BFBB0B /* AlgoApp.app */ = {isa = PBXFileReference; explicitFileType = wrapper.application; includeInIndex = 0; path = AlgoApp.app; sourceTree = BUILT_PRODUCTS_DIR; };
		DE0E515122070C2800BFBB0B /* AppDelegate.swift */ = {isa = PBXFileReference; lastKnownFileType = sourcecode.swift; path = AppDelegate.swift; sourceTree = "<group>"; };
		DE0E515322070C2800BFBB0B /* HomeViewController.swift */ = {isa = PBXFileReference; lastKnownFileType = sourcecode.swift; path = HomeViewController.swift; sourceTree = "<group>"; };
		DE0E515822070C2A00BFBB0B /* Assets.xcassets */ = {isa = PBXFileReference; lastKnownFileType = folder.assetcatalog; path = Assets.xcassets; sourceTree = "<group>"; };
		DE0E515B22070C2A00BFBB0B /* Base */ = {isa = PBXFileReference; lastKnownFileType = file.storyboard; name = Base; path = Base.lproj/LaunchScreen.storyboard; sourceTree = "<group>"; };
		DE0E515D22070C2A00BFBB0B /* Info.plist */ = {isa = PBXFileReference; lastKnownFileType = text.plist.xml; path = Info.plist; sourceTree = "<group>"; };
		DE0E516222070C2A00BFBB0B /* AlgoAppTests.xctest */ = {isa = PBXFileReference; explicitFileType = wrapper.cfbundle; includeInIndex = 0; path = AlgoAppTests.xctest; sourceTree = BUILT_PRODUCTS_DIR; };
		DE0E516622070C2A00BFBB0B /* AlgoAppTests.swift */ = {isa = PBXFileReference; lastKnownFileType = sourcecode.swift; path = AlgoAppTests.swift; sourceTree = "<group>"; };
		DE0E516822070C2A00BFBB0B /* Info.plist */ = {isa = PBXFileReference; lastKnownFileType = text.plist.xml; path = Info.plist; sourceTree = "<group>"; };
		DE0E517222082E2700BFBB0B /* HomeTableViewCell.swift */ = {isa = PBXFileReference; lastKnownFileType = sourcecode.swift; path = HomeTableViewCell.swift; sourceTree = "<group>"; };
		DE0E517422082E5400BFBB0B /* HomeViewModel.swift */ = {isa = PBXFileReference; lastKnownFileType = sourcecode.swift; path = HomeViewModel.swift; sourceTree = "<group>"; };
		DE0E517E220840A400BFBB0B /* Tag.swift */ = {isa = PBXFileReference; fileEncoding = 4; lastKnownFileType = sourcecode.swift; path = Tag.swift; sourceTree = "<group>"; };
		DE0E517F220840A400BFBB0B /* Question.swift */ = {isa = PBXFileReference; fileEncoding = 4; lastKnownFileType = sourcecode.swift; path = Question.swift; sourceTree = "<group>"; };
		DE0E51822208413E00BFBB0B /* Company.swift */ = {isa = PBXFileReference; lastKnownFileType = sourcecode.swift; path = Company.swift; sourceTree = "<group>"; };
		DE0E51842208416100BFBB0B /* QuestionList.swift */ = {isa = PBXFileReference; lastKnownFileType = sourcecode.swift; path = QuestionList.swift; sourceTree = "<group>"; };
		DE0E51862208524200BFBB0B /* UIColor+Utility.swift */ = {isa = PBXFileReference; lastKnownFileType = sourcecode.swift; path = "UIColor+Utility.swift"; sourceTree = "<group>"; };
		DE0E518A22088A3200BFBB0B /* DetailViewController.swift */ = {isa = PBXFileReference; lastKnownFileType = sourcecode.swift; path = DetailViewController.swift; sourceTree = "<group>"; };
		DE0E518C22088A3F00BFBB0B /* DetailViewModel.swift */ = {isa = PBXFileReference; lastKnownFileType = sourcecode.swift; path = DetailViewModel.swift; sourceTree = "<group>"; };
		DE0E518E22088F1C00BFBB0B /* QuestionCellModel.swift */ = {isa = PBXFileReference; lastKnownFileType = sourcecode.swift; path = QuestionCellModel.swift; sourceTree = "<group>"; };
		DE0F99FA222F900F0034BF3E /* SolutionScraper.swift */ = {isa = PBXFileReference; lastKnownFileType = sourcecode.swift; path = SolutionScraper.swift; sourceTree = "<group>"; };
		DE112E9622337451003A5796 /* ReminderDetailViewController.swift */ = {isa = PBXFileReference; lastKnownFileType = sourcecode.swift; path = ReminderDetailViewController.swift; sourceTree = "<group>"; };
		DE112E982233E200003A5796 /* AppUtility.swift */ = {isa = PBXFileReference; lastKnownFileType = sourcecode.swift; path = AppUtility.swift; sourceTree = "<group>"; };
		DE112E9A223510D5003A5796 /* Reminder.swift */ = {isa = PBXFileReference; lastKnownFileType = sourcecode.swift; path = Reminder.swift; sourceTree = "<group>"; };
		DE112E9C223511B5003A5796 /* QuestionFilter.swift */ = {isa = PBXFileReference; lastKnownFileType = sourcecode.swift; path = QuestionFilter.swift; sourceTree = "<group>"; };
		DE112E9F22351652003A5796 /* ReminderDetailViewModel.swift */ = {isa = PBXFileReference; lastKnownFileType = sourcecode.swift; path = ReminderDetailViewModel.swift; sourceTree = "<group>"; };
		DE112EA12235169D003A5796 /* RemindersViewModel.swift */ = {isa = PBXFileReference; lastKnownFileType = sourcecode.swift; path = RemindersViewModel.swift; sourceTree = "<group>"; };
		DE139D7E22436EC200879F89 /* Language.swift */ = {isa = PBXFileReference; lastKnownFileType = sourcecode.swift; path = Language.swift; sourceTree = "<group>"; };
		DE13A11522226A7F0091FF96 /* CodeViewController.swift */ = {isa = PBXFileReference; lastKnownFileType = sourcecode.swift; path = CodeViewController.swift; sourceTree = "<group>"; };
		DE13A11722226B920091FF96 /* CodeViewModel.swift */ = {isa = PBXFileReference; lastKnownFileType = sourcecode.swift; path = CodeViewModel.swift; sourceTree = "<group>"; };
		DE13A1192222DEFB0091FF96 /* QuestionDetailModel.swift */ = {isa = PBXFileReference; lastKnownFileType = sourcecode.swift; path = QuestionDetailModel.swift; sourceTree = "<group>"; };
		DE1492D72245F42900B7E56C /* StoreHelper.swift */ = {isa = PBXFileReference; lastKnownFileType = sourcecode.swift; path = StoreHelper.swift; sourceTree = "<group>"; };
		DE157EA6221D399E0040B4E9 /* FilterViewController.swift */ = {isa = PBXFileReference; lastKnownFileType = sourcecode.swift; path = FilterViewController.swift; sourceTree = "<group>"; };
		DE157EA8221D39A90040B4E9 /* FilterViewModel.swift */ = {isa = PBXFileReference; lastKnownFileType = sourcecode.swift; path = FilterViewModel.swift; sourceTree = "<group>"; };
		DE170A01224BDFAB00B0FB56 /* ConfettiView.swift */ = {isa = PBXFileReference; fileEncoding = 4; lastKnownFileType = sourcecode.swift; path = ConfettiView.swift; sourceTree = "<group>"; };
		DE195DC12219485F00BDDFB4 /* WebViewController.swift */ = {isa = PBXFileReference; lastKnownFileType = sourcecode.swift; path = WebViewController.swift; sourceTree = "<group>"; };
		DE1A9A1C22427EA9007E79F6 /* StoreKit.framework */ = {isa = PBXFileReference; lastKnownFileType = wrapper.framework; name = StoreKit.framework; path = System/Library/Frameworks/StoreKit.framework; sourceTree = SDKROOT; };
		DE1AC96F22317BA30044D83D /* RemindersViewController.swift */ = {isa = PBXFileReference; lastKnownFileType = sourcecode.swift; path = RemindersViewController.swift; sourceTree = "<group>"; };
		DE1BA9AC222BA918009C30B0 /* SettingsController.swift */ = {isa = PBXFileReference; lastKnownFileType = sourcecode.swift; path = SettingsController.swift; sourceTree = "<group>"; };
		DE1BA9AE222C0D44009C30B0 /* UITabBarController+Extension.swift */ = {isa = PBXFileReference; fileEncoding = 4; lastKnownFileType = sourcecode.swift; path = "UITabBarController+Extension.swift"; sourceTree = "<group>"; };
		DE1BA9AF222C0D44009C30B0 /* UINavigationBar+Extension.swift */ = {isa = PBXFileReference; fileEncoding = 4; lastKnownFileType = sourcecode.swift; path = "UINavigationBar+Extension.swift"; sourceTree = "<group>"; };
		DE1C5DEC22757A18001E544F /* UIViewController+Extension.swift */ = {isa = PBXFileReference; lastKnownFileType = sourcecode.swift; path = "UIViewController+Extension.swift"; sourceTree = "<group>"; };
		DE1D26CF223CE9EA00AA9F68 /* AppConfigs.swift */ = {isa = PBXFileReference; lastKnownFileType = sourcecode.swift; path = AppConfigs.swift; sourceTree = "<group>"; };
		DE1D26D1223CFD2500AA9F68 /* UIView+Extension.swift */ = {isa = PBXFileReference; lastKnownFileType = sourcecode.swift; path = "UIView+Extension.swift"; sourceTree = "<group>"; };
		DE1D26D3223E3C7800AA9F68 /* NotificationHelper.swift */ = {isa = PBXFileReference; lastKnownFileType = sourcecode.swift; path = NotificationHelper.swift; sourceTree = "<group>"; };
		DE1E284C225CFF7900F6E04E /* String+FormattedDescription.swift */ = {isa = PBXFileReference; lastKnownFileType = sourcecode.swift; path = "String+FormattedDescription.swift"; sourceTree = "<group>"; };
		DE1E399E2236C82900DD3465 /* ReminderCell.swift */ = {isa = PBXFileReference; lastKnownFileType = sourcecode.swift; path = ReminderCell.swift; sourceTree = "<group>"; };
		DE24271322460E95000A10ED /* PannableNavigationController.swift */ = {isa = PBXFileReference; fileEncoding = 4; lastKnownFileType = sourcecode.swift; path = PannableNavigationController.swift; sourceTree = "<group>"; };
		DE24271622466CFD000A10ED /* FeatureDetailViewController.swift */ = {isa = PBXFileReference; lastKnownFileType = sourcecode.swift; path = FeatureDetailViewController.swift; sourceTree = "<group>"; };
		DE24271822476129000A10ED /* PremiumDetailViewController.swift */ = {isa = PBXFileReference; lastKnownFileType = sourcecode.swift; path = PremiumDetailViewController.swift; sourceTree = "<group>"; };
		DE24271A2247B716000A10ED /* PremiumDetailCell.swift */ = {isa = PBXFileReference; lastKnownFileType = sourcecode.swift; path = PremiumDetailCell.swift; sourceTree = "<group>"; };
		DE31438F226C2CF70063DC71 /* Home.storyboard */ = {isa = PBXFileReference; lastKnownFileType = file.storyboard; path = Home.storyboard; sourceTree = "<group>"; };
		DE314391226C2D120063DC71 /* Reminders.storyboard */ = {isa = PBXFileReference; lastKnownFileType = file.storyboard; path = Reminders.storyboard; sourceTree = "<group>"; };
		DE314393226C2E050063DC71 /* Settings.storyboard */ = {isa = PBXFileReference; lastKnownFileType = file.storyboard; path = Settings.storyboard; sourceTree = "<group>"; };
		DE314396226C30D90063DC71 /* Notes.storyboard */ = {isa = PBXFileReference; lastKnownFileType = file.storyboard; path = Notes.storyboard; sourceTree = "<group>"; };
		DE33353D226CCF0300F1D0F0 /* AppHelper.swift */ = {isa = PBXFileReference; lastKnownFileType = sourcecode.swift; path = AppHelper.swift; sourceTree = "<group>"; };
		DE33353F22740BC500F1D0F0 /* Solution.swift */ = {isa = PBXFileReference; lastKnownFileType = sourcecode.swift; path = Solution.swift; sourceTree = "<group>"; };
		DE33354122743EC000F1D0F0 /* default.realm */ = {isa = PBXFileReference; lastKnownFileType = file; path = default.realm; sourceTree = "<group>"; };
		DE5629522296ECBB001E84E1 /* RealmManager.swift */ = {isa = PBXFileReference; lastKnownFileType = sourcecode.swift; path = RealmManager.swift; sourceTree = "<group>"; };
		DE5801272291059400A42183 /* AlgoApp.entitlements */ = {isa = PBXFileReference; lastKnownFileType = text.plist.entitlements; path = AlgoApp.entitlements; sourceTree = "<group>"; };
		DE58012A2292E99100A42183 /* CloudKit.framework */ = {isa = PBXFileReference; lastKnownFileType = wrapper.framework; name = CloudKit.framework; path = System/Library/Frameworks/CloudKit.framework; sourceTree = SDKROOT; };
		DE79F00822511CA50051ECD1 /* AboutViewController.swift */ = {isa = PBXFileReference; lastKnownFileType = sourcecode.swift; path = AboutViewController.swift; sourceTree = "<group>"; };
		DE79F00A225122EC0051ECD1 /* SortOptionsViewController.swift */ = {isa = PBXFileReference; lastKnownFileType = sourcecode.swift; path = SortOptionsViewController.swift; sourceTree = "<group>"; };
		DEBFEE10224094E0005B1A7A /* UIApplication+RxSwift.swift */ = {isa = PBXFileReference; lastKnownFileType = sourcecode.swift; path = "UIApplication+RxSwift.swift"; sourceTree = "<group>"; };
		DEBFEE1222409539005B1A7A /* RxApplicationDelegateProxy.swift */ = {isa = PBXFileReference; lastKnownFileType = sourcecode.swift; path = RxApplicationDelegateProxy.swift; sourceTree = "<group>"; };
		F5E6DCAD3B9166CFF0DCCEDE /* Pods_AlgoApp.framework */ = {isa = PBXFileReference; explicitFileType = wrapper.framework; includeInIndex = 0; path = Pods_AlgoApp.framework; sourceTree = BUILT_PRODUCTS_DIR; };
/* End PBXFileReference section */

/* Begin PBXFrameworksBuildPhase section */
		DE0E514B22070C2800BFBB0B /* Frameworks */ = {
			isa = PBXFrameworksBuildPhase;
			buildActionMask = 2147483647;
			files = (
				DE58012B2292E99100A42183 /* CloudKit.framework in Frameworks */,
				DE1A9A1D22427EAA007E79F6 /* StoreKit.framework in Frameworks */,
				276DAEB285FF71BC347390EF /* Pods_AlgoApp.framework in Frameworks */,
			);
			runOnlyForDeploymentPostprocessing = 0;
		};
		DE0E515F22070C2A00BFBB0B /* Frameworks */ = {
			isa = PBXFrameworksBuildPhase;
			buildActionMask = 2147483647;
			files = (
				A11D99751AE990D7E13E5AB9 /* Pods_AlgoAppTests.framework in Frameworks */,
			);
			runOnlyForDeploymentPostprocessing = 0;
		};
/* End PBXFrameworksBuildPhase section */

/* Begin PBXGroup section */
		1F3DBEDD1FA67FD5401AE9BD /* Pods */ = {
			isa = PBXGroup;
			children = (
				3368C98989D391C3BC5ECFD7 /* Pods-AlgoApp.debug.xcconfig */,
				A67E541BC742ACC211D13E15 /* Pods-AlgoApp.release.xcconfig */,
				5A9AFC62AE20EF134546795D /* Pods-AlgoAppTests.debug.xcconfig */,
				5D1265D2208B2DF37901B85A /* Pods-AlgoAppTests.release.xcconfig */,
			);
			path = Pods;
			sourceTree = "<group>";
		};
		26A64E81E97050C3E263D7D1 /* Frameworks */ = {
			isa = PBXGroup;
			children = (
				DE58012A2292E99100A42183 /* CloudKit.framework */,
				DE1A9A1C22427EA9007E79F6 /* StoreKit.framework */,
				F5E6DCAD3B9166CFF0DCCEDE /* Pods_AlgoApp.framework */,
				6D787FA6064A8391A6A709A8 /* Pods_AlgoAppTests.framework */,
			);
			name = Frameworks;
			sourceTree = "<group>";
		};
		DE0B03C32258BFEF00770AA7 /* Notes */ = {
			isa = PBXGroup;
			children = (
				DE0B03CF22599E2400770AA7 /* NotesViewModel.swift */,
				DE0B03C42258C00A00770AA7 /* NotesViewController.swift */,
				DE0B03CD2258F04400770AA7 /* NoteCell.swift */,
			);
			path = Notes;
			sourceTree = "<group>";
		};
		DE0E514522070C2800BFBB0B = {
			isa = PBXGroup;
			children = (
				DE0E515022070C2800BFBB0B /* AlgoApp */,
				DE0E516522070C2A00BFBB0B /* AlgoAppTests */,
				DE0E514F22070C2800BFBB0B /* Products */,
				1F3DBEDD1FA67FD5401AE9BD /* Pods */,
				26A64E81E97050C3E263D7D1 /* Frameworks */,
			);
			sourceTree = "<group>";
		};
		DE0E514F22070C2800BFBB0B /* Products */ = {
			isa = PBXGroup;
			children = (
				DE0E514E22070C2800BFBB0B /* AlgoApp.app */,
				DE0E516222070C2A00BFBB0B /* AlgoAppTests.xctest */,
			);
			name = Products;
			sourceTree = "<group>";
		};
		DE0E515022070C2800BFBB0B /* AlgoApp */ = {
			isa = PBXGroup;
			children = (
				DE5801272291059400A42183 /* AlgoApp.entitlements */,
				DE0E515D22070C2A00BFBB0B /* Info.plist */,
				DE0E517C220830C000BFBB0B /* Data */,
				DE0E517A220830A000BFBB0B /* Source */,
				DE0E517B220830B200BFBB0B /* Resources */,
			);
			path = AlgoApp;
			sourceTree = "<group>";
		};
		DE0E516522070C2A00BFBB0B /* AlgoAppTests */ = {
			isa = PBXGroup;
			children = (
				DE0E516622070C2A00BFBB0B /* AlgoAppTests.swift */,
				DE0E516822070C2A00BFBB0B /* Info.plist */,
			);
			path = AlgoAppTests;
			sourceTree = "<group>";
		};
		DE0E517122082E0800BFBB0B /* Home */ = {
			isa = PBXGroup;
			children = (
				DE0E517422082E5400BFBB0B /* HomeViewModel.swift */,
				DE0E515322070C2800BFBB0B /* HomeViewController.swift */,
				DE0E517222082E2700BFBB0B /* HomeTableViewCell.swift */,
				DE0E518E22088F1C00BFBB0B /* QuestionCellModel.swift */,
			);
			path = Home;
			sourceTree = "<group>";
		};
		DE0E517A220830A000BFBB0B /* Source */ = {
			isa = PBXGroup;
			children = (
				DE0E515122070C2800BFBB0B /* AppDelegate.swift */,
				DE1D26CF223CE9EA00AA9F68 /* AppConfigs.swift */,
				DE33353D226CCF0300F1D0F0 /* AppHelper.swift */,
				DE1492D72245F42900B7E56C /* StoreHelper.swift */,
				DE1D26D3223E3C7800AA9F68 /* NotificationHelper.swift */,
				DE0E517D2208408E00BFBB0B /* Models */,
				DE0E517122082E0800BFBB0B /* Home */,
				DE157EA5221D398C0040B4E9 /* Filter */,
				DE0E518922088A1300BFBB0B /* Detail */,
				DE195DC02219483B00BDDFB4 /* WebView */,
				DE13A11422226A630091FF96 /* CodeView */,
				DE1AC96E22317B710044D83D /* Reminders */,
				DE112E9E22351637003A5796 /* ReminderDetail */,
				DE0B03C32258BFEF00770AA7 /* Notes */,
				DE1BA9AB222BA736009C30B0 /* Settings */,
				DE24271522466CD4000A10ED /* Premium */,
				DE0E51882208524600BFBB0B /* Extensions */,
			);
			path = Source;
			sourceTree = "<group>";
		};
		DE0E517B220830B200BFBB0B /* Resources */ = {
			isa = PBXGroup;
			children = (
				DE31438F226C2CF70063DC71 /* Home.storyboard */,
				DE314391226C2D120063DC71 /* Reminders.storyboard */,
				DE314396226C30D90063DC71 /* Notes.storyboard */,
				DE314393226C2E050063DC71 /* Settings.storyboard */,
				DE0E515A22070C2A00BFBB0B /* LaunchScreen.storyboard */,
				DE0E515822070C2A00BFBB0B /* Assets.xcassets */,
			);
			path = Resources;
			sourceTree = "<group>";
		};
		DE0E517C220830C000BFBB0B /* Data */ = {
			isa = PBXGroup;
			children = (
				DE33354122743EC000F1D0F0 /* default.realm */,
			);
			path = Data;
			sourceTree = "<group>";
		};
		DE0E517D2208408E00BFBB0B /* Models */ = {
			isa = PBXGroup;
			children = (
				DE139D7E22436EC200879F89 /* Language.swift */,
				DE0E517F220840A400BFBB0B /* Question.swift */,
				DE33353F22740BC500F1D0F0 /* Solution.swift */,
				DE0E517E220840A400BFBB0B /* Tag.swift */,
				DE0E51822208413E00BFBB0B /* Company.swift */,
				DE0E51842208416100BFBB0B /* QuestionList.swift */,
				DE112E9A223510D5003A5796 /* Reminder.swift */,
				DE112E9C223511B5003A5796 /* QuestionFilter.swift */,
				DE0B03D122599F5800770AA7 /* Note.swift */,
			);
			path = Models;
			sourceTree = "<group>";
		};
		DE0E51882208524600BFBB0B /* Extensions */ = {
			isa = PBXGroup;
			children = (
				DE1C5DEC22757A18001E544F /* UIViewController+Extension.swift */,
				DE1BA9AF222C0D44009C30B0 /* UINavigationBar+Extension.swift */,
				DE1BA9AE222C0D44009C30B0 /* UITabBarController+Extension.swift */,
				DE0E51862208524200BFBB0B /* UIColor+Utility.swift */,
				DE112E982233E200003A5796 /* AppUtility.swift */,
				DE1D26D1223CFD2500AA9F68 /* UIView+Extension.swift */,
				DEBFEE10224094E0005B1A7A /* UIApplication+RxSwift.swift */,
				DEBFEE1222409539005B1A7A /* RxApplicationDelegateProxy.swift */,
				DE090AD1224C6352002AA465 /* SVProgressHUD+Extension.swift */,
				DE1E284C225CFF7900F6E04E /* String+FormattedDescription.swift */,
				DE5629522296ECBB001E84E1 /* RealmManager.swift */,
			);
			path = Extensions;
			sourceTree = "<group>";
		};
		DE0E518922088A1300BFBB0B /* Detail */ = {
			isa = PBXGroup;
			children = (
				DE0E518C22088A3F00BFBB0B /* DetailViewModel.swift */,
				DE0E518A22088A3200BFBB0B /* DetailViewController.swift */,
				DE13A1192222DEFB0091FF96 /* QuestionDetailModel.swift */,
				DE0F99FA222F900F0034BF3E /* SolutionScraper.swift */,
			);
			path = Detail;
			sourceTree = "<group>";
		};
		DE112E9E22351637003A5796 /* ReminderDetail */ = {
			isa = PBXGroup;
			children = (
				DE112E9F22351652003A5796 /* ReminderDetailViewModel.swift */,
				DE112E9622337451003A5796 /* ReminderDetailViewController.swift */,
			);
			path = ReminderDetail;
			sourceTree = "<group>";
		};
		DE13A11422226A630091FF96 /* CodeView */ = {
			isa = PBXGroup;
			children = (
				DE13A11722226B920091FF96 /* CodeViewModel.swift */,
				DE13A11522226A7F0091FF96 /* CodeViewController.swift */,
			);
			path = CodeView;
			sourceTree = "<group>";
		};
		DE157EA5221D398C0040B4E9 /* Filter */ = {
			isa = PBXGroup;
			children = (
				DE24271322460E95000A10ED /* PannableNavigationController.swift */,
				DE157EA8221D39A90040B4E9 /* FilterViewModel.swift */,
				DE157EA6221D399E0040B4E9 /* FilterViewController.swift */,
			);
			path = Filter;
			sourceTree = "<group>";
		};
		DE195DC02219483B00BDDFB4 /* WebView */ = {
			isa = PBXGroup;
			children = (
				DE195DC12219485F00BDDFB4 /* WebViewController.swift */,
			);
			path = WebView;
			sourceTree = "<group>";
		};
		DE1AC96E22317B710044D83D /* Reminders */ = {
			isa = PBXGroup;
			children = (
				DE112EA12235169D003A5796 /* RemindersViewModel.swift */,
				DE1AC96F22317BA30044D83D /* RemindersViewController.swift */,
				DE1E399E2236C82900DD3465 /* ReminderCell.swift */,
			);
			path = Reminders;
			sourceTree = "<group>";
		};
		DE1BA9AB222BA736009C30B0 /* Settings */ = {
			isa = PBXGroup;
			children = (
				DE1BA9AC222BA918009C30B0 /* SettingsController.swift */,
				DE79F00822511CA50051ECD1 /* AboutViewController.swift */,
				DE79F00A225122EC0051ECD1 /* SortOptionsViewController.swift */,
			);
			path = Settings;
			sourceTree = "<group>";
		};
		DE24271522466CD4000A10ED /* Premium */ = {
			isa = PBXGroup;
			children = (
				DE170A01224BDFAB00B0FB56 /* ConfettiView.swift */,
				DE24271622466CFD000A10ED /* FeatureDetailViewController.swift */,
				DE24271822476129000A10ED /* PremiumDetailViewController.swift */,
				DE24271A2247B716000A10ED /* PremiumDetailCell.swift */,
			);
			path = Premium;
			sourceTree = "<group>";
		};
/* End PBXGroup section */

/* Begin PBXNativeTarget section */
		DE0E514D22070C2800BFBB0B /* AlgoApp */ = {
			isa = PBXNativeTarget;
			buildConfigurationList = DE0E516B22070C2A00BFBB0B /* Build configuration list for PBXNativeTarget "AlgoApp" */;
			buildPhases = (
				0F38CB5142E1E56FDFC4E9FA /* [CP] Check Pods Manifest.lock */,
				DE0E514A22070C2800BFBB0B /* Sources */,
				DE0E514B22070C2800BFBB0B /* Frameworks */,
				DE0E514C22070C2800BFBB0B /* Resources */,
				2E4135384D193B1797801B75 /* [CP] Embed Pods Frameworks */,
			);
			buildRules = (
			);
			dependencies = (
			);
			name = AlgoApp;
			productName = AlgoApp;
			productReference = DE0E514E22070C2800BFBB0B /* AlgoApp.app */;
			productType = "com.apple.product-type.application";
		};
		DE0E516122070C2A00BFBB0B /* AlgoAppTests */ = {
			isa = PBXNativeTarget;
			buildConfigurationList = DE0E516E22070C2A00BFBB0B /* Build configuration list for PBXNativeTarget "AlgoAppTests" */;
			buildPhases = (
				3D16649E12A8445854DA314B /* [CP] Check Pods Manifest.lock */,
				DE0E515E22070C2A00BFBB0B /* Sources */,
				DE0E515F22070C2A00BFBB0B /* Frameworks */,
				DE0E516022070C2A00BFBB0B /* Resources */,
				06BC4C9A4977BA61BE7D7D99 /* [CP] Embed Pods Frameworks */,
			);
			buildRules = (
			);
			dependencies = (
				DE0E516422070C2A00BFBB0B /* PBXTargetDependency */,
			);
			name = AlgoAppTests;
			productName = AlgoAppTests;
			productReference = DE0E516222070C2A00BFBB0B /* AlgoAppTests.xctest */;
			productType = "com.apple.product-type.bundle.unit-test";
		};
/* End PBXNativeTarget section */

/* Begin PBXProject section */
		DE0E514622070C2800BFBB0B /* Project object */ = {
			isa = PBXProject;
			attributes = {
				LastSwiftUpdateCheck = 1010;
				LastUpgradeCheck = 1010;
				ORGANIZATIONNAME = "Huong Do";
				TargetAttributes = {
					DE0E514D22070C2800BFBB0B = {
						CreatedOnToolsVersion = 10.1;
						LastSwiftMigration = 1020;
						SystemCapabilities = {
							com.apple.BackgroundModes = {
								enabled = 0;
							};
							com.apple.InAppPurchase = {
								enabled = 1;
							};
							com.apple.Push = {
								enabled = 1;
							};
							com.apple.iCloud = {
								enabled = 1;
							};
						};
					};
					DE0E516122070C2A00BFBB0B = {
						CreatedOnToolsVersion = 10.1;
						LastSwiftMigration = 1020;
						TestTargetID = DE0E514D22070C2800BFBB0B;
					};
				};
			};
			buildConfigurationList = DE0E514922070C2800BFBB0B /* Build configuration list for PBXProject "AlgoApp" */;
			compatibilityVersion = "Xcode 9.3";
			developmentRegion = en;
			hasScannedForEncodings = 0;
			knownRegions = (
				en,
				Base,
			);
			mainGroup = DE0E514522070C2800BFBB0B;
			productRefGroup = DE0E514F22070C2800BFBB0B /* Products */;
			projectDirPath = "";
			projectRoot = "";
			targets = (
				DE0E514D22070C2800BFBB0B /* AlgoApp */,
				DE0E516122070C2A00BFBB0B /* AlgoAppTests */,
			);
		};
/* End PBXProject section */

/* Begin PBXResourcesBuildPhase section */
		DE0E514C22070C2800BFBB0B /* Resources */ = {
			isa = PBXResourcesBuildPhase;
			buildActionMask = 2147483647;
			files = (
				DE84D29422ED732600800FB0 /* LaunchScreen.storyboard in Resources */,
				DE314390226C2CF70063DC71 /* Home.storyboard in Resources */,
				DE33354222743EC000F1D0F0 /* default.realm in Resources */,
				DE314397226C30D90063DC71 /* Notes.storyboard in Resources */,
				DE314392226C2D120063DC71 /* Reminders.storyboard in Resources */,
				DE314394226C2E050063DC71 /* Settings.storyboard in Resources */,
				DE0E515922070C2A00BFBB0B /* Assets.xcassets in Resources */,
			);
			runOnlyForDeploymentPostprocessing = 0;
		};
		DE0E516022070C2A00BFBB0B /* Resources */ = {
			isa = PBXResourcesBuildPhase;
			buildActionMask = 2147483647;
			files = (
			);
			runOnlyForDeploymentPostprocessing = 0;
		};
/* End PBXResourcesBuildPhase section */

/* Begin PBXShellScriptBuildPhase section */
		06BC4C9A4977BA61BE7D7D99 /* [CP] Embed Pods Frameworks */ = {
			isa = PBXShellScriptBuildPhase;
			buildActionMask = 2147483647;
			files = (
			);
			inputFileListPaths = (
				"${PODS_ROOT}/Target Support Files/Pods-AlgoAppTests/Pods-AlgoAppTests-frameworks-${CONFIGURATION}-input-files.xcfilelist",
			);
			name = "[CP] Embed Pods Frameworks";
			outputFileListPaths = (
				"${PODS_ROOT}/Target Support Files/Pods-AlgoAppTests/Pods-AlgoAppTests-frameworks-${CONFIGURATION}-output-files.xcfilelist",
			);
			runOnlyForDeploymentPostprocessing = 0;
			shellPath = /bin/sh;
			shellScript = "\"${PODS_ROOT}/Target Support Files/Pods-AlgoAppTests/Pods-AlgoAppTests-frameworks.sh\"\n";
			showEnvVarsInLog = 0;
		};
		0F38CB5142E1E56FDFC4E9FA /* [CP] Check Pods Manifest.lock */ = {
			isa = PBXShellScriptBuildPhase;
			buildActionMask = 2147483647;
			files = (
			);
			inputFileListPaths = (
			);
			inputPaths = (
				"${PODS_PODFILE_DIR_PATH}/Podfile.lock",
				"${PODS_ROOT}/Manifest.lock",
			);
			name = "[CP] Check Pods Manifest.lock";
			outputFileListPaths = (
			);
			outputPaths = (
				"$(DERIVED_FILE_DIR)/Pods-AlgoApp-checkManifestLockResult.txt",
			);
			runOnlyForDeploymentPostprocessing = 0;
			shellPath = /bin/sh;
			shellScript = "diff \"${PODS_PODFILE_DIR_PATH}/Podfile.lock\" \"${PODS_ROOT}/Manifest.lock\" > /dev/null\nif [ $? != 0 ] ; then\n    # print error to STDERR\n    echo \"error: The sandbox is not in sync with the Podfile.lock. Run 'pod install' or update your CocoaPods installation.\" >&2\n    exit 1\nfi\n# This output is used by Xcode 'outputs' to avoid re-running this script phase.\necho \"SUCCESS\" > \"${SCRIPT_OUTPUT_FILE_0}\"\n";
			showEnvVarsInLog = 0;
		};
		2E4135384D193B1797801B75 /* [CP] Embed Pods Frameworks */ = {
			isa = PBXShellScriptBuildPhase;
			buildActionMask = 2147483647;
			files = (
			);
			inputFileListPaths = (
				"${PODS_ROOT}/Target Support Files/Pods-AlgoApp/Pods-AlgoApp-frameworks-${CONFIGURATION}-input-files.xcfilelist",
			);
			name = "[CP] Embed Pods Frameworks";
			outputFileListPaths = (
				"${PODS_ROOT}/Target Support Files/Pods-AlgoApp/Pods-AlgoApp-frameworks-${CONFIGURATION}-output-files.xcfilelist",
			);
			runOnlyForDeploymentPostprocessing = 0;
			shellPath = /bin/sh;
			shellScript = "\"${PODS_ROOT}/Target Support Files/Pods-AlgoApp/Pods-AlgoApp-frameworks.sh\"\n";
			showEnvVarsInLog = 0;
		};
		3D16649E12A8445854DA314B /* [CP] Check Pods Manifest.lock */ = {
			isa = PBXShellScriptBuildPhase;
			buildActionMask = 2147483647;
			files = (
			);
			inputFileListPaths = (
			);
			inputPaths = (
				"${PODS_PODFILE_DIR_PATH}/Podfile.lock",
				"${PODS_ROOT}/Manifest.lock",
			);
			name = "[CP] Check Pods Manifest.lock";
			outputFileListPaths = (
			);
			outputPaths = (
				"$(DERIVED_FILE_DIR)/Pods-AlgoAppTests-checkManifestLockResult.txt",
			);
			runOnlyForDeploymentPostprocessing = 0;
			shellPath = /bin/sh;
			shellScript = "diff \"${PODS_PODFILE_DIR_PATH}/Podfile.lock\" \"${PODS_ROOT}/Manifest.lock\" > /dev/null\nif [ $? != 0 ] ; then\n    # print error to STDERR\n    echo \"error: The sandbox is not in sync with the Podfile.lock. Run 'pod install' or update your CocoaPods installation.\" >&2\n    exit 1\nfi\n# This output is used by Xcode 'outputs' to avoid re-running this script phase.\necho \"SUCCESS\" > \"${SCRIPT_OUTPUT_FILE_0}\"\n";
			showEnvVarsInLog = 0;
		};
/* End PBXShellScriptBuildPhase section */

/* Begin PBXSourcesBuildPhase section */
		DE0E514A22070C2800BFBB0B /* Sources */ = {
			isa = PBXSourcesBuildPhase;
			buildActionMask = 2147483647;
			files = (
				DE1C5DED22757A18001E544F /* UIViewController+Extension.swift in Sources */,
				DE170A02224BDFAB00B0FB56 /* ConfettiView.swift in Sources */,
				DE5629532296ECBB001E84E1 /* RealmManager.swift in Sources */,
				DE0E517322082E2700BFBB0B /* HomeTableViewCell.swift in Sources */,
				DE79F00922511CA50051ECD1 /* AboutViewController.swift in Sources */,
				DE24271722466CFD000A10ED /* FeatureDetailViewController.swift in Sources */,
				DE112E992233E200003A5796 /* AppUtility.swift in Sources */,
				DE1E399F2236C82900DD3465 /* ReminderCell.swift in Sources */,
				DE79F00B225122EC0051ECD1 /* SortOptionsViewController.swift in Sources */,
				DE157EA9221D39A90040B4E9 /* FilterViewModel.swift in Sources */,
				DE1BA9B0222C0D44009C30B0 /* UITabBarController+Extension.swift in Sources */,
				DE1492D82245F42900B7E56C /* StoreHelper.swift in Sources */,
				DE1BA9AD222BA918009C30B0 /* SettingsController.swift in Sources */,
				DE112E9722337451003A5796 /* ReminderDetailViewController.swift in Sources */,
				DE1D26D4223E3C7800AA9F68 /* NotificationHelper.swift in Sources */,
				DE112EA022351652003A5796 /* ReminderDetailViewModel.swift in Sources */,
				DE0B03CE2258F04400770AA7 /* NoteCell.swift in Sources */,
				DEBFEE11224094E0005B1A7A /* UIApplication+RxSwift.swift in Sources */,
				DE0F99FB222F900F0034BF3E /* SolutionScraper.swift in Sources */,
				DE0E51852208416100BFBB0B /* QuestionList.swift in Sources */,
				DE1D26D0223CE9EA00AA9F68 /* AppConfigs.swift in Sources */,
				DE13A11822226B920091FF96 /* CodeViewModel.swift in Sources */,
				DE0E51872208524200BFBB0B /* UIColor+Utility.swift in Sources */,
				DE24271422460E95000A10ED /* PannableNavigationController.swift in Sources */,
				DE0E515422070C2800BFBB0B /* HomeViewController.swift in Sources */,
				DE0E518F22088F1C00BFBB0B /* QuestionCellModel.swift in Sources */,
				DE13A11A2222DEFB0091FF96 /* QuestionDetailModel.swift in Sources */,
				DE0E5180220840A400BFBB0B /* Tag.swift in Sources */,
				DEBFEE1322409539005B1A7A /* RxApplicationDelegateProxy.swift in Sources */,
				DE112E9B223510D5003A5796 /* Reminder.swift in Sources */,
				DE0B03D022599E2400770AA7 /* NotesViewModel.swift in Sources */,
				DE0E5181220840A400BFBB0B /* Question.swift in Sources */,
				DE1E284D225CFF7900F6E04E /* String+FormattedDescription.swift in Sources */,
				DE33354022740BC500F1D0F0 /* Solution.swift in Sources */,
				DE090AD2224C6352002AA465 /* SVProgressHUD+Extension.swift in Sources */,
				DE24271922476129000A10ED /* PremiumDetailViewController.swift in Sources */,
				DE139D7F22436EC200879F89 /* Language.swift in Sources */,
				DE0E51832208413E00BFBB0B /* Company.swift in Sources */,
				DE0B03D222599F5800770AA7 /* Note.swift in Sources */,
				DE0B03C52258C00A00770AA7 /* NotesViewController.swift in Sources */,
				DE1BA9B1222C0D44009C30B0 /* UINavigationBar+Extension.swift in Sources */,
				DE157EA7221D399E0040B4E9 /* FilterViewController.swift in Sources */,
				DE112EA22235169D003A5796 /* RemindersViewModel.swift in Sources */,
				DE1D26D2223CFD2500AA9F68 /* UIView+Extension.swift in Sources */,
				DE0E518B22088A3200BFBB0B /* DetailViewController.swift in Sources */,
				DE0E515222070C2800BFBB0B /* AppDelegate.swift in Sources */,
				DE0E518D22088A3F00BFBB0B /* DetailViewModel.swift in Sources */,
				DE13A11622226A7F0091FF96 /* CodeViewController.swift in Sources */,
				DE1AC97022317BA30044D83D /* RemindersViewController.swift in Sources */,
				DE24271B2247B716000A10ED /* PremiumDetailCell.swift in Sources */,
				DE195DC22219485F00BDDFB4 /* WebViewController.swift in Sources */,
				DE0E517522082E5400BFBB0B /* HomeViewModel.swift in Sources */,
				DE112E9D223511B5003A5796 /* QuestionFilter.swift in Sources */,
				DE33353E226CCF0300F1D0F0 /* AppHelper.swift in Sources */,
			);
			runOnlyForDeploymentPostprocessing = 0;
		};
		DE0E515E22070C2A00BFBB0B /* Sources */ = {
			isa = PBXSourcesBuildPhase;
			buildActionMask = 2147483647;
			files = (
				DE0E516722070C2A00BFBB0B /* AlgoAppTests.swift in Sources */,
			);
			runOnlyForDeploymentPostprocessing = 0;
		};
/* End PBXSourcesBuildPhase section */

/* Begin PBXTargetDependency section */
		DE0E516422070C2A00BFBB0B /* PBXTargetDependency */ = {
			isa = PBXTargetDependency;
			target = DE0E514D22070C2800BFBB0B /* AlgoApp */;
			targetProxy = DE0E516322070C2A00BFBB0B /* PBXContainerItemProxy */;
		};
/* End PBXTargetDependency section */

/* Begin PBXVariantGroup section */
		DE0E515A22070C2A00BFBB0B /* LaunchScreen.storyboard */ = {
			isa = PBXVariantGroup;
			children = (
				DE0E515B22070C2A00BFBB0B /* Base */,
			);
			name = LaunchScreen.storyboard;
			sourceTree = "<group>";
		};
/* End PBXVariantGroup section */

/* Begin XCBuildConfiguration section */
		DE0E516922070C2A00BFBB0B /* Debug */ = {
			isa = XCBuildConfiguration;
			buildSettings = {
				ALWAYS_SEARCH_USER_PATHS = NO;
				CLANG_ANALYZER_NONNULL = YES;
				CLANG_ANALYZER_NUMBER_OBJECT_CONVERSION = YES_AGGRESSIVE;
				CLANG_CXX_LANGUAGE_STANDARD = "gnu++14";
				CLANG_CXX_LIBRARY = "libc++";
				CLANG_ENABLE_MODULES = YES;
				CLANG_ENABLE_OBJC_ARC = YES;
				CLANG_ENABLE_OBJC_WEAK = YES;
				CLANG_WARN_BLOCK_CAPTURE_AUTORELEASING = YES;
				CLANG_WARN_BOOL_CONVERSION = YES;
				CLANG_WARN_COMMA = YES;
				CLANG_WARN_CONSTANT_CONVERSION = YES;
				CLANG_WARN_DEPRECATED_OBJC_IMPLEMENTATIONS = YES;
				CLANG_WARN_DIRECT_OBJC_ISA_USAGE = YES_ERROR;
				CLANG_WARN_DOCUMENTATION_COMMENTS = YES;
				CLANG_WARN_EMPTY_BODY = YES;
				CLANG_WARN_ENUM_CONVERSION = YES;
				CLANG_WARN_INFINITE_RECURSION = YES;
				CLANG_WARN_INT_CONVERSION = YES;
				CLANG_WARN_NON_LITERAL_NULL_CONVERSION = YES;
				CLANG_WARN_OBJC_IMPLICIT_RETAIN_SELF = YES;
				CLANG_WARN_OBJC_LITERAL_CONVERSION = YES;
				CLANG_WARN_OBJC_ROOT_CLASS = YES_ERROR;
				CLANG_WARN_RANGE_LOOP_ANALYSIS = YES;
				CLANG_WARN_STRICT_PROTOTYPES = YES;
				CLANG_WARN_SUSPICIOUS_MOVE = YES;
				CLANG_WARN_UNGUARDED_AVAILABILITY = YES_AGGRESSIVE;
				CLANG_WARN_UNREACHABLE_CODE = YES;
				CLANG_WARN__DUPLICATE_METHOD_MATCH = YES;
				CODE_SIGN_IDENTITY = "iPhone Developer";
				COPY_PHASE_STRIP = NO;
				DEBUG_INFORMATION_FORMAT = dwarf;
				ENABLE_STRICT_OBJC_MSGSEND = YES;
				ENABLE_TESTABILITY = YES;
				GCC_C_LANGUAGE_STANDARD = gnu11;
				GCC_DYNAMIC_NO_PIC = NO;
				GCC_NO_COMMON_BLOCKS = YES;
				GCC_OPTIMIZATION_LEVEL = 0;
				GCC_PREPROCESSOR_DEFINITIONS = (
					"DEBUG=1",
					"$(inherited)",
				);
				GCC_WARN_64_TO_32_BIT_CONVERSION = YES;
				GCC_WARN_ABOUT_RETURN_TYPE = YES_ERROR;
				GCC_WARN_UNDECLARED_SELECTOR = YES;
				GCC_WARN_UNINITIALIZED_AUTOS = YES_AGGRESSIVE;
				GCC_WARN_UNUSED_FUNCTION = YES;
				GCC_WARN_UNUSED_VARIABLE = YES;
				IPHONEOS_DEPLOYMENT_TARGET = 12.1;
				MTL_ENABLE_DEBUG_INFO = INCLUDE_SOURCE;
				MTL_FAST_MATH = YES;
				ONLY_ACTIVE_ARCH = YES;
				SDKROOT = iphoneos;
				SWIFT_ACTIVE_COMPILATION_CONDITIONS = DEBUG;
				SWIFT_OPTIMIZATION_LEVEL = "-Onone";
			};
			name = Debug;
		};
		DE0E516A22070C2A00BFBB0B /* Release */ = {
			isa = XCBuildConfiguration;
			buildSettings = {
				ALWAYS_SEARCH_USER_PATHS = NO;
				CLANG_ANALYZER_NONNULL = YES;
				CLANG_ANALYZER_NUMBER_OBJECT_CONVERSION = YES_AGGRESSIVE;
				CLANG_CXX_LANGUAGE_STANDARD = "gnu++14";
				CLANG_CXX_LIBRARY = "libc++";
				CLANG_ENABLE_MODULES = YES;
				CLANG_ENABLE_OBJC_ARC = YES;
				CLANG_ENABLE_OBJC_WEAK = YES;
				CLANG_WARN_BLOCK_CAPTURE_AUTORELEASING = YES;
				CLANG_WARN_BOOL_CONVERSION = YES;
				CLANG_WARN_COMMA = YES;
				CLANG_WARN_CONSTANT_CONVERSION = YES;
				CLANG_WARN_DEPRECATED_OBJC_IMPLEMENTATIONS = YES;
				CLANG_WARN_DIRECT_OBJC_ISA_USAGE = YES_ERROR;
				CLANG_WARN_DOCUMENTATION_COMMENTS = YES;
				CLANG_WARN_EMPTY_BODY = YES;
				CLANG_WARN_ENUM_CONVERSION = YES;
				CLANG_WARN_INFINITE_RECURSION = YES;
				CLANG_WARN_INT_CONVERSION = YES;
				CLANG_WARN_NON_LITERAL_NULL_CONVERSION = YES;
				CLANG_WARN_OBJC_IMPLICIT_RETAIN_SELF = YES;
				CLANG_WARN_OBJC_LITERAL_CONVERSION = YES;
				CLANG_WARN_OBJC_ROOT_CLASS = YES_ERROR;
				CLANG_WARN_RANGE_LOOP_ANALYSIS = YES;
				CLANG_WARN_STRICT_PROTOTYPES = YES;
				CLANG_WARN_SUSPICIOUS_MOVE = YES;
				CLANG_WARN_UNGUARDED_AVAILABILITY = YES_AGGRESSIVE;
				CLANG_WARN_UNREACHABLE_CODE = YES;
				CLANG_WARN__DUPLICATE_METHOD_MATCH = YES;
				CODE_SIGN_IDENTITY = "iPhone Developer";
				COPY_PHASE_STRIP = NO;
				DEBUG_INFORMATION_FORMAT = "dwarf-with-dsym";
				ENABLE_NS_ASSERTIONS = NO;
				ENABLE_STRICT_OBJC_MSGSEND = YES;
				GCC_C_LANGUAGE_STANDARD = gnu11;
				GCC_NO_COMMON_BLOCKS = YES;
				GCC_WARN_64_TO_32_BIT_CONVERSION = YES;
				GCC_WARN_ABOUT_RETURN_TYPE = YES_ERROR;
				GCC_WARN_UNDECLARED_SELECTOR = YES;
				GCC_WARN_UNINITIALIZED_AUTOS = YES_AGGRESSIVE;
				GCC_WARN_UNUSED_FUNCTION = YES;
				GCC_WARN_UNUSED_VARIABLE = YES;
				IPHONEOS_DEPLOYMENT_TARGET = 12.1;
				MTL_ENABLE_DEBUG_INFO = NO;
				MTL_FAST_MATH = YES;
				SDKROOT = iphoneos;
				SWIFT_COMPILATION_MODE = wholemodule;
				SWIFT_OPTIMIZATION_LEVEL = "-O";
				VALIDATE_PRODUCT = YES;
			};
			name = Release;
		};
		DE0E516C22070C2A00BFBB0B /* Debug */ = {
			isa = XCBuildConfiguration;
			baseConfigurationReference = 3368C98989D391C3BC5ECFD7 /* Pods-AlgoApp.debug.xcconfig */;
			buildSettings = {
				ASSETCATALOG_COMPILER_APPICON_NAME = AppIcon;
				CODE_SIGN_ENTITLEMENTS = AlgoApp/AlgoApp.entitlements;
				CODE_SIGN_STYLE = Automatic;
				DEBUG_INFORMATION_FORMAT = "dwarf-with-dsym";
				DEVELOPMENT_TEAM = 2L9U9J29G7;
				ENABLE_BITCODE = NO;
				INFOPLIST_FILE = AlgoApp/Info.plist;
				IPHONEOS_DEPLOYMENT_TARGET = 11.1;
				LD_RUNPATH_SEARCH_PATHS = (
					"$(inherited)",
					"@executable_path/Frameworks",
				);
				PRODUCT_BUNDLE_IDENTIFIER = com.ichigo.AlgoApp;
				PRODUCT_NAME = "$(TARGET_NAME)";
				SWIFT_VERSION = 5.0;
				TARGETED_DEVICE_FAMILY = "1,2";
			};
			name = Debug;
		};
		DE0E516D22070C2A00BFBB0B /* Release */ = {
			isa = XCBuildConfiguration;
			baseConfigurationReference = A67E541BC742ACC211D13E15 /* Pods-AlgoApp.release.xcconfig */;
			buildSettings = {
				ASSETCATALOG_COMPILER_APPICON_NAME = AppIcon;
				CODE_SIGN_ENTITLEMENTS = AlgoApp/AlgoApp.entitlements;
				CODE_SIGN_STYLE = Automatic;
				DEVELOPMENT_TEAM = 2L9U9J29G7;
				GCC_OPTIMIZATION_LEVEL = s;
				INFOPLIST_FILE = AlgoApp/Info.plist;
				IPHONEOS_DEPLOYMENT_TARGET = 11.1;
				LD_RUNPATH_SEARCH_PATHS = (
					"$(inherited)",
					"@executable_path/Frameworks",
				);
				PRODUCT_BUNDLE_IDENTIFIER = com.ichigo.AlgoApp;
				PRODUCT_NAME = "$(TARGET_NAME)";
				SWIFT_OPTIMIZATION_LEVEL = "-O";
				SWIFT_VERSION = 5.0;
				TARGETED_DEVICE_FAMILY = "1,2";
			};
			name = Release;
		};
		DE0E516F22070C2A00BFBB0B /* Debug */ = {
			isa = XCBuildConfiguration;
			baseConfigurationReference = 5A9AFC62AE20EF134546795D /* Pods-AlgoAppTests.debug.xcconfig */;
			buildSettings = {
				ALWAYS_EMBED_SWIFT_STANDARD_LIBRARIES = YES;
				BUNDLE_LOADER = "$(TEST_HOST)";
				CODE_SIGN_STYLE = Automatic;
				INFOPLIST_FILE = AlgoAppTests/Info.plist;
				LD_RUNPATH_SEARCH_PATHS = (
					"$(inherited)",
					"@executable_path/Frameworks",
					"@loader_path/Frameworks",
				);
				PRODUCT_BUNDLE_IDENTIFIER = com.ichigo.AlgoAppTests;
				PRODUCT_NAME = "$(TARGET_NAME)";
				SWIFT_VERSION = 5.0;
				TARGETED_DEVICE_FAMILY = "1,2";
				TEST_HOST = "$(BUILT_PRODUCTS_DIR)/AlgoApp.app/AlgoApp";
			};
			name = Debug;
		};
		DE0E517022070C2A00BFBB0B /* Release */ = {
			isa = XCBuildConfiguration;
			baseConfigurationReference = 5D1265D2208B2DF37901B85A /* Pods-AlgoAppTests.release.xcconfig */;
			buildSettings = {
				ALWAYS_EMBED_SWIFT_STANDARD_LIBRARIES = YES;
				BUNDLE_LOADER = "$(TEST_HOST)";
				CODE_SIGN_STYLE = Automatic;
				INFOPLIST_FILE = AlgoAppTests/Info.plist;
				LD_RUNPATH_SEARCH_PATHS = (
					"$(inherited)",
					"@executable_path/Frameworks",
					"@loader_path/Frameworks",
				);
				PRODUCT_BUNDLE_IDENTIFIER = com.ichigo.AlgoAppTests;
				PRODUCT_NAME = "$(TARGET_NAME)";
				SWIFT_VERSION = 5.0;
				TARGETED_DEVICE_FAMILY = "1,2";
				TEST_HOST = "$(BUILT_PRODUCTS_DIR)/AlgoApp.app/AlgoApp";
			};
			name = Release;
		};
/* End XCBuildConfiguration section */

/* Begin XCConfigurationList section */
		DE0E514922070C2800BFBB0B /* Build configuration list for PBXProject "AlgoApp" */ = {
			isa = XCConfigurationList;
			buildConfigurations = (
				DE0E516922070C2A00BFBB0B /* Debug */,
				DE0E516A22070C2A00BFBB0B /* Release */,
			);
			defaultConfigurationIsVisible = 0;
			defaultConfigurationName = Release;
		};
		DE0E516B22070C2A00BFBB0B /* Build configuration list for PBXNativeTarget "AlgoApp" */ = {
			isa = XCConfigurationList;
			buildConfigurations = (
				DE0E516C22070C2A00BFBB0B /* Debug */,
				DE0E516D22070C2A00BFBB0B /* Release */,
			);
			defaultConfigurationIsVisible = 0;
			defaultConfigurationName = Release;
		};
		DE0E516E22070C2A00BFBB0B /* Build configuration list for PBXNativeTarget "AlgoAppTests" */ = {
			isa = XCConfigurationList;
			buildConfigurations = (
				DE0E516F22070C2A00BFBB0B /* Debug */,
				DE0E517022070C2A00BFBB0B /* Release */,
			);
			defaultConfigurationIsVisible = 0;
			defaultConfigurationName = Release;
		};
/* End XCConfigurationList section */
	};
	rootObject = DE0E514622070C2800BFBB0B /* Project object */;
}
