// !$*UTF8*$!
{
	archiveVersion = 1;
	classes = {
	};
	objectVersion = 50;
	objects = {

/* Begin PBXBuildFile section */
		4BCEDB176601904A79793AB9 /* Pods_AlgoApp.framework in Frameworks */ = {isa = PBXBuildFile; fileRef = 0210A813D28E7D205B2AD77E /* Pods_AlgoApp.framework */; };
		8466EA9403B1C5EF1EAEFC28 /* Pods_AlgoAppTests.framework in Frameworks */ = {isa = PBXBuildFile; fileRef = 0235DB8B4CAB1A449C726E36 /* Pods_AlgoAppTests.framework */; };
		DE0E515222070C2800BFBB0B /* AppDelegate.swift in Sources */ = {isa = PBXBuildFile; fileRef = DE0E515122070C2800BFBB0B /* AppDelegate.swift */; };
		DE0E515422070C2800BFBB0B /* HomeViewController.swift in Sources */ = {isa = PBXBuildFile; fileRef = DE0E515322070C2800BFBB0B /* HomeViewController.swift */; };
		DE0E515722070C2800BFBB0B /* Main.storyboard in Resources */ = {isa = PBXBuildFile; fileRef = DE0E515522070C2800BFBB0B /* Main.storyboard */; };
		DE0E515922070C2A00BFBB0B /* Assets.xcassets in Resources */ = {isa = PBXBuildFile; fileRef = DE0E515822070C2A00BFBB0B /* Assets.xcassets */; };
		DE0E515C22070C2A00BFBB0B /* LaunchScreen.storyboard in Resources */ = {isa = PBXBuildFile; fileRef = DE0E515A22070C2A00BFBB0B /* LaunchScreen.storyboard */; };
		DE0E516722070C2A00BFBB0B /* AlgoAppTests.swift in Sources */ = {isa = PBXBuildFile; fileRef = DE0E516622070C2A00BFBB0B /* AlgoAppTests.swift */; };
		DE0E517322082E2700BFBB0B /* HomeTableViewCell.swift in Sources */ = {isa = PBXBuildFile; fileRef = DE0E517222082E2700BFBB0B /* HomeTableViewCell.swift */; };
		DE0E517522082E5400BFBB0B /* HomeViewModel.swift in Sources */ = {isa = PBXBuildFile; fileRef = DE0E517422082E5400BFBB0B /* HomeViewModel.swift */; };
		DE0E5180220840A400BFBB0B /* Tag.swift in Sources */ = {isa = PBXBuildFile; fileRef = DE0E517E220840A400BFBB0B /* Tag.swift */; };
		DE0E5181220840A400BFBB0B /* Question.swift in Sources */ = {isa = PBXBuildFile; fileRef = DE0E517F220840A400BFBB0B /* Question.swift */; };
		DE0E51832208413E00BFBB0B /* Company.swift in Sources */ = {isa = PBXBuildFile; fileRef = DE0E51822208413E00BFBB0B /* Company.swift */; };
		DE0E51852208416100BFBB0B /* QuestionList.swift in Sources */ = {isa = PBXBuildFile; fileRef = DE0E51842208416100BFBB0B /* QuestionList.swift */; };
		DE0E51872208524200BFBB0B /* UIColor+Utility.swift in Sources */ = {isa = PBXBuildFile; fileRef = DE0E51862208524200BFBB0B /* UIColor+Utility.swift */; };
		DE0E518B22088A3200BFBB0B /* DetailViewController.swift in Sources */ = {isa = PBXBuildFile; fileRef = DE0E518A22088A3200BFBB0B /* DetailViewController.swift */; };
		DE0E518D22088A3F00BFBB0B /* DetailViewModel.swift in Sources */ = {isa = PBXBuildFile; fileRef = DE0E518C22088A3F00BFBB0B /* DetailViewModel.swift */; };
		DE0E518F22088F1C00BFBB0B /* QuestionCellModel.swift in Sources */ = {isa = PBXBuildFile; fileRef = DE0E518E22088F1C00BFBB0B /* QuestionCellModel.swift */; };
		DE0F99FB222F900F0034BF3E /* SolutionScraper.swift in Sources */ = {isa = PBXBuildFile; fileRef = DE0F99FA222F900F0034BF3E /* SolutionScraper.swift */; };
		DE112E9722337451003A5796 /* ReminderDetailViewController.swift in Sources */ = {isa = PBXBuildFile; fileRef = DE112E9622337451003A5796 /* ReminderDetailViewController.swift */; };
		DE112E992233E200003A5796 /* AppUtility.swift in Sources */ = {isa = PBXBuildFile; fileRef = DE112E982233E200003A5796 /* AppUtility.swift */; };
		DE112E9B223510D5003A5796 /* Reminder.swift in Sources */ = {isa = PBXBuildFile; fileRef = DE112E9A223510D5003A5796 /* Reminder.swift */; };
		DE112E9D223511B5003A5796 /* QuestionFilter.swift in Sources */ = {isa = PBXBuildFile; fileRef = DE112E9C223511B5003A5796 /* QuestionFilter.swift */; };
		DE112EA022351652003A5796 /* ReminderDetailViewModel.swift in Sources */ = {isa = PBXBuildFile; fileRef = DE112E9F22351652003A5796 /* ReminderDetailViewModel.swift */; };
		DE112EA22235169D003A5796 /* RemindersViewModel.swift in Sources */ = {isa = PBXBuildFile; fileRef = DE112EA12235169D003A5796 /* RemindersViewModel.swift */; };
		DE12A359221D9B55002F51FD /* SwiftMessagesBottomSegue.swift in Sources */ = {isa = PBXBuildFile; fileRef = DE12A358221D9B55002F51FD /* SwiftMessagesBottomSegue.swift */; };
		DE13936E221A491200F70F80 /* default.realm in Resources */ = {isa = PBXBuildFile; fileRef = DE13936D221A491200F70F80 /* default.realm */; };
		DE13A11622226A7F0091FF96 /* CodeViewController.swift in Sources */ = {isa = PBXBuildFile; fileRef = DE13A11522226A7F0091FF96 /* CodeViewController.swift */; };
		DE13A11822226B920091FF96 /* CodeViewModel.swift in Sources */ = {isa = PBXBuildFile; fileRef = DE13A11722226B920091FF96 /* CodeViewModel.swift */; };
		DE13A11A2222DEFB0091FF96 /* QuestionDetailModel.swift in Sources */ = {isa = PBXBuildFile; fileRef = DE13A1192222DEFB0091FF96 /* QuestionDetailModel.swift */; };
		DE157EA7221D399E0040B4E9 /* FilterViewController.swift in Sources */ = {isa = PBXBuildFile; fileRef = DE157EA6221D399E0040B4E9 /* FilterViewController.swift */; };
		DE157EA9221D39A90040B4E9 /* FilterViewModel.swift in Sources */ = {isa = PBXBuildFile; fileRef = DE157EA8221D39A90040B4E9 /* FilterViewModel.swift */; };
		DE195DC22219485F00BDDFB4 /* WebViewController.swift in Sources */ = {isa = PBXBuildFile; fileRef = DE195DC12219485F00BDDFB4 /* WebViewController.swift */; };
		DE195DC42219CAB700BDDFB4 /* Theme.swift in Sources */ = {isa = PBXBuildFile; fileRef = DE195DC32219CAB700BDDFB4 /* Theme.swift */; };
		DE1AC97022317BA30044D83D /* RemindersViewController.swift in Sources */ = {isa = PBXBuildFile; fileRef = DE1AC96F22317BA30044D83D /* RemindersViewController.swift */; };
		DE1BA9AD222BA918009C30B0 /* SettingsController.swift in Sources */ = {isa = PBXBuildFile; fileRef = DE1BA9AC222BA918009C30B0 /* SettingsController.swift */; };
		DE1BA9B0222C0D44009C30B0 /* UITabBarController+Extension.swift in Sources */ = {isa = PBXBuildFile; fileRef = DE1BA9AE222C0D44009C30B0 /* UITabBarController+Extension.swift */; };
		DE1BA9B1222C0D44009C30B0 /* UINavigationBar+Extension.swift in Sources */ = {isa = PBXBuildFile; fileRef = DE1BA9AF222C0D44009C30B0 /* UINavigationBar+Extension.swift */; };
		DE1D26D0223CE9EA00AA9F68 /* AppConfigs.swift in Sources */ = {isa = PBXBuildFile; fileRef = DE1D26CF223CE9EA00AA9F68 /* AppConfigs.swift */; };
		DE1D26D2223CFD2500AA9F68 /* UIView+Extension.swift in Sources */ = {isa = PBXBuildFile; fileRef = DE1D26D1223CFD2500AA9F68 /* UIView+Extension.swift */; };
		DE1D26D4223E3C7800AA9F68 /* NotificationHelper.swift in Sources */ = {isa = PBXBuildFile; fileRef = DE1D26D3223E3C7800AA9F68 /* NotificationHelper.swift */; };
		DE1E399F2236C82900DD3465 /* ReminderCell.swift in Sources */ = {isa = PBXBuildFile; fileRef = DE1E399E2236C82900DD3465 /* ReminderCell.swift */; };
/* End PBXBuildFile section */

/* Begin PBXContainerItemProxy section */
		DE0E516322070C2A00BFBB0B /* PBXContainerItemProxy */ = {
			isa = PBXContainerItemProxy;
			containerPortal = DE0E514622070C2800BFBB0B /* Project object */;
			proxyType = 1;
			remoteGlobalIDString = DE0E514D22070C2800BFBB0B;
			remoteInfo = AlgoApp;
		};
/* End PBXContainerItemProxy section */

/* Begin PBXFileReference section */
		0210A813D28E7D205B2AD77E /* Pods_AlgoApp.framework */ = {isa = PBXFileReference; explicitFileType = wrapper.framework; includeInIndex = 0; path = Pods_AlgoApp.framework; sourceTree = BUILT_PRODUCTS_DIR; };
		0235DB8B4CAB1A449C726E36 /* Pods_AlgoAppTests.framework */ = {isa = PBXFileReference; explicitFileType = wrapper.framework; includeInIndex = 0; path = Pods_AlgoAppTests.framework; sourceTree = BUILT_PRODUCTS_DIR; };
		040821A4F46688C4B6B3059C /* Pods-AlgoAppTests.debug.xcconfig */ = {isa = PBXFileReference; includeInIndex = 1; lastKnownFileType = text.xcconfig; name = "Pods-AlgoAppTests.debug.xcconfig"; path = "Target Support Files/Pods-AlgoAppTests/Pods-AlgoAppTests.debug.xcconfig"; sourceTree = "<group>"; };
		6591BD170AE1C7DCDB3DEDB6 /* Pods-AlgoApp.debug.xcconfig */ = {isa = PBXFileReference; includeInIndex = 1; lastKnownFileType = text.xcconfig; name = "Pods-AlgoApp.debug.xcconfig"; path = "Target Support Files/Pods-AlgoApp/Pods-AlgoApp.debug.xcconfig"; sourceTree = "<group>"; };
		7B2540EDFF9B32ED935A3A23 /* Pods-AlgoAppTests.release.xcconfig */ = {isa = PBXFileReference; includeInIndex = 1; lastKnownFileType = text.xcconfig; name = "Pods-AlgoAppTests.release.xcconfig"; path = "Target Support Files/Pods-AlgoAppTests/Pods-AlgoAppTests.release.xcconfig"; sourceTree = "<group>"; };
		DE0E514E22070C2800BFBB0B /* AlgoApp.app */ = {isa = PBXFileReference; explicitFileType = wrapper.application; includeInIndex = 0; path = AlgoApp.app; sourceTree = BUILT_PRODUCTS_DIR; };
		DE0E515122070C2800BFBB0B /* AppDelegate.swift */ = {isa = PBXFileReference; lastKnownFileType = sourcecode.swift; path = AppDelegate.swift; sourceTree = "<group>"; };
		DE0E515322070C2800BFBB0B /* HomeViewController.swift */ = {isa = PBXFileReference; lastKnownFileType = sourcecode.swift; path = HomeViewController.swift; sourceTree = "<group>"; };
		DE0E515622070C2800BFBB0B /* Base */ = {isa = PBXFileReference; lastKnownFileType = file.storyboard; name = Base; path = Base.lproj/Main.storyboard; sourceTree = "<group>"; };
		DE0E515822070C2A00BFBB0B /* Assets.xcassets */ = {isa = PBXFileReference; lastKnownFileType = folder.assetcatalog; path = Assets.xcassets; sourceTree = "<group>"; };
		DE0E515B22070C2A00BFBB0B /* Base */ = {isa = PBXFileReference; lastKnownFileType = file.storyboard; name = Base; path = Base.lproj/LaunchScreen.storyboard; sourceTree = "<group>"; };
		DE0E515D22070C2A00BFBB0B /* Info.plist */ = {isa = PBXFileReference; lastKnownFileType = text.plist.xml; path = Info.plist; sourceTree = "<group>"; };
		DE0E516222070C2A00BFBB0B /* AlgoAppTests.xctest */ = {isa = PBXFileReference; explicitFileType = wrapper.cfbundle; includeInIndex = 0; path = AlgoAppTests.xctest; sourceTree = BUILT_PRODUCTS_DIR; };
		DE0E516622070C2A00BFBB0B /* AlgoAppTests.swift */ = {isa = PBXFileReference; lastKnownFileType = sourcecode.swift; path = AlgoAppTests.swift; sourceTree = "<group>"; };
		DE0E516822070C2A00BFBB0B /* Info.plist */ = {isa = PBXFileReference; lastKnownFileType = text.plist.xml; path = Info.plist; sourceTree = "<group>"; };
		DE0E517222082E2700BFBB0B /* HomeTableViewCell.swift */ = {isa = PBXFileReference; lastKnownFileType = sourcecode.swift; path = HomeTableViewCell.swift; sourceTree = "<group>"; };
		DE0E517422082E5400BFBB0B /* HomeViewModel.swift */ = {isa = PBXFileReference; lastKnownFileType = sourcecode.swift; path = HomeViewModel.swift; sourceTree = "<group>"; };
		DE0E517E220840A400BFBB0B /* Tag.swift */ = {isa = PBXFileReference; fileEncoding = 4; lastKnownFileType = sourcecode.swift; path = Tag.swift; sourceTree = "<group>"; };
		DE0E517F220840A400BFBB0B /* Question.swift */ = {isa = PBXFileReference; fileEncoding = 4; lastKnownFileType = sourcecode.swift; path = Question.swift; sourceTree = "<group>"; };
		DE0E51822208413E00BFBB0B /* Company.swift */ = {isa = PBXFileReference; lastKnownFileType = sourcecode.swift; path = Company.swift; sourceTree = "<group>"; };
		DE0E51842208416100BFBB0B /* QuestionList.swift */ = {isa = PBXFileReference; lastKnownFileType = sourcecode.swift; path = QuestionList.swift; sourceTree = "<group>"; };
		DE0E51862208524200BFBB0B /* UIColor+Utility.swift */ = {isa = PBXFileReference; lastKnownFileType = sourcecode.swift; path = "UIColor+Utility.swift"; sourceTree = "<group>"; };
		DE0E518A22088A3200BFBB0B /* DetailViewController.swift */ = {isa = PBXFileReference; lastKnownFileType = sourcecode.swift; path = DetailViewController.swift; sourceTree = "<group>"; };
		DE0E518C22088A3F00BFBB0B /* DetailViewModel.swift */ = {isa = PBXFileReference; lastKnownFileType = sourcecode.swift; path = DetailViewModel.swift; sourceTree = "<group>"; };
		DE0E518E22088F1C00BFBB0B /* QuestionCellModel.swift */ = {isa = PBXFileReference; lastKnownFileType = sourcecode.swift; path = QuestionCellModel.swift; sourceTree = "<group>"; };
		DE0F99FA222F900F0034BF3E /* SolutionScraper.swift */ = {isa = PBXFileReference; lastKnownFileType = sourcecode.swift; path = SolutionScraper.swift; sourceTree = "<group>"; };
		DE112E9622337451003A5796 /* ReminderDetailViewController.swift */ = {isa = PBXFileReference; lastKnownFileType = sourcecode.swift; path = ReminderDetailViewController.swift; sourceTree = "<group>"; };
		DE112E982233E200003A5796 /* AppUtility.swift */ = {isa = PBXFileReference; lastKnownFileType = sourcecode.swift; path = AppUtility.swift; sourceTree = "<group>"; };
		DE112E9A223510D5003A5796 /* Reminder.swift */ = {isa = PBXFileReference; lastKnownFileType = sourcecode.swift; path = Reminder.swift; sourceTree = "<group>"; };
		DE112E9C223511B5003A5796 /* QuestionFilter.swift */ = {isa = PBXFileReference; lastKnownFileType = sourcecode.swift; path = QuestionFilter.swift; sourceTree = "<group>"; };
		DE112E9F22351652003A5796 /* ReminderDetailViewModel.swift */ = {isa = PBXFileReference; lastKnownFileType = sourcecode.swift; path = ReminderDetailViewModel.swift; sourceTree = "<group>"; };
		DE112EA12235169D003A5796 /* RemindersViewModel.swift */ = {isa = PBXFileReference; lastKnownFileType = sourcecode.swift; path = RemindersViewModel.swift; sourceTree = "<group>"; };
		DE12A358221D9B55002F51FD /* SwiftMessagesBottomSegue.swift */ = {isa = PBXFileReference; lastKnownFileType = sourcecode.swift; path = SwiftMessagesBottomSegue.swift; sourceTree = "<group>"; };
		DE13936D221A491200F70F80 /* default.realm */ = {isa = PBXFileReference; lastKnownFileType = file; path = default.realm; sourceTree = "<group>"; };
		DE13A11522226A7F0091FF96 /* CodeViewController.swift */ = {isa = PBXFileReference; lastKnownFileType = sourcecode.swift; path = CodeViewController.swift; sourceTree = "<group>"; };
		DE13A11722226B920091FF96 /* CodeViewModel.swift */ = {isa = PBXFileReference; lastKnownFileType = sourcecode.swift; path = CodeViewModel.swift; sourceTree = "<group>"; };
		DE13A1192222DEFB0091FF96 /* QuestionDetailModel.swift */ = {isa = PBXFileReference; lastKnownFileType = sourcecode.swift; path = QuestionDetailModel.swift; sourceTree = "<group>"; };
		DE157EA6221D399E0040B4E9 /* FilterViewController.swift */ = {isa = PBXFileReference; lastKnownFileType = sourcecode.swift; path = FilterViewController.swift; sourceTree = "<group>"; };
		DE157EA8221D39A90040B4E9 /* FilterViewModel.swift */ = {isa = PBXFileReference; lastKnownFileType = sourcecode.swift; path = FilterViewModel.swift; sourceTree = "<group>"; };
		DE195DC12219485F00BDDFB4 /* WebViewController.swift */ = {isa = PBXFileReference; lastKnownFileType = sourcecode.swift; path = WebViewController.swift; sourceTree = "<group>"; };
		DE195DC32219CAB700BDDFB4 /* Theme.swift */ = {isa = PBXFileReference; lastKnownFileType = sourcecode.swift; path = Theme.swift; sourceTree = "<group>"; };
		DE1AC96F22317BA30044D83D /* RemindersViewController.swift */ = {isa = PBXFileReference; lastKnownFileType = sourcecode.swift; path = RemindersViewController.swift; sourceTree = "<group>"; };
		DE1BA9AC222BA918009C30B0 /* SettingsController.swift */ = {isa = PBXFileReference; lastKnownFileType = sourcecode.swift; path = SettingsController.swift; sourceTree = "<group>"; };
		DE1BA9AE222C0D44009C30B0 /* UITabBarController+Extension.swift */ = {isa = PBXFileReference; fileEncoding = 4; lastKnownFileType = sourcecode.swift; path = "UITabBarController+Extension.swift"; sourceTree = "<group>"; };
		DE1BA9AF222C0D44009C30B0 /* UINavigationBar+Extension.swift */ = {isa = PBXFileReference; fileEncoding = 4; lastKnownFileType = sourcecode.swift; path = "UINavigationBar+Extension.swift"; sourceTree = "<group>"; };
		DE1D26CF223CE9EA00AA9F68 /* AppConfigs.swift */ = {isa = PBXFileReference; lastKnownFileType = sourcecode.swift; path = AppConfigs.swift; sourceTree = "<group>"; };
		DE1D26D1223CFD2500AA9F68 /* UIView+Extension.swift */ = {isa = PBXFileReference; lastKnownFileType = sourcecode.swift; path = "UIView+Extension.swift"; sourceTree = "<group>"; };
		DE1D26D3223E3C7800AA9F68 /* NotificationHelper.swift */ = {isa = PBXFileReference; lastKnownFileType = sourcecode.swift; path = NotificationHelper.swift; sourceTree = "<group>"; };
		DE1E399E2236C82900DD3465 /* ReminderCell.swift */ = {isa = PBXFileReference; lastKnownFileType = sourcecode.swift; path = ReminderCell.swift; sourceTree = "<group>"; };
		E0D5C7C0E780C2860EE7E3CD /* Pods-AlgoApp.release.xcconfig */ = {isa = PBXFileReference; includeInIndex = 1; lastKnownFileType = text.xcconfig; name = "Pods-AlgoApp.release.xcconfig"; path = "Target Support Files/Pods-AlgoApp/Pods-AlgoApp.release.xcconfig"; sourceTree = "<group>"; };
/* End PBXFileReference section */

/* Begin PBXFrameworksBuildPhase section */
		DE0E514B22070C2800BFBB0B /* Frameworks */ = {
			isa = PBXFrameworksBuildPhase;
			buildActionMask = 2147483647;
			files = (
				4BCEDB176601904A79793AB9 /* Pods_AlgoApp.framework in Frameworks */,
			);
			runOnlyForDeploymentPostprocessing = 0;
		};
		DE0E515F22070C2A00BFBB0B /* Frameworks */ = {
			isa = PBXFrameworksBuildPhase;
			buildActionMask = 2147483647;
			files = (
				8466EA9403B1C5EF1EAEFC28 /* Pods_AlgoAppTests.framework in Frameworks */,
			);
			runOnlyForDeploymentPostprocessing = 0;
		};
/* End PBXFrameworksBuildPhase section */

/* Begin PBXGroup section */
		1F3DBEDD1FA67FD5401AE9BD /* Pods */ = {
			isa = PBXGroup;
			children = (
				6591BD170AE1C7DCDB3DEDB6 /* Pods-AlgoApp.debug.xcconfig */,
				E0D5C7C0E780C2860EE7E3CD /* Pods-AlgoApp.release.xcconfig */,
				040821A4F46688C4B6B3059C /* Pods-AlgoAppTests.debug.xcconfig */,
				7B2540EDFF9B32ED935A3A23 /* Pods-AlgoAppTests.release.xcconfig */,
			);
			path = Pods;
			sourceTree = "<group>";
		};
		26A64E81E97050C3E263D7D1 /* Frameworks */ = {
			isa = PBXGroup;
			children = (
				0210A813D28E7D205B2AD77E /* Pods_AlgoApp.framework */,
				0235DB8B4CAB1A449C726E36 /* Pods_AlgoAppTests.framework */,
			);
			name = Frameworks;
			sourceTree = "<group>";
		};
		DE0E514522070C2800BFBB0B = {
			isa = PBXGroup;
			children = (
				DE0E515022070C2800BFBB0B /* AlgoApp */,
				DE0E516522070C2A00BFBB0B /* AlgoAppTests */,
				DE0E514F22070C2800BFBB0B /* Products */,
				1F3DBEDD1FA67FD5401AE9BD /* Pods */,
				26A64E81E97050C3E263D7D1 /* Frameworks */,
			);
			sourceTree = "<group>";
		};
		DE0E514F22070C2800BFBB0B /* Products */ = {
			isa = PBXGroup;
			children = (
				DE0E514E22070C2800BFBB0B /* AlgoApp.app */,
				DE0E516222070C2A00BFBB0B /* AlgoAppTests.xctest */,
			);
			name = Products;
			sourceTree = "<group>";
		};
		DE0E515022070C2800BFBB0B /* AlgoApp */ = {
			isa = PBXGroup;
			children = (
				DE0E515D22070C2A00BFBB0B /* Info.plist */,
				DE0E517C220830C000BFBB0B /* Data */,
				DE0E517A220830A000BFBB0B /* Source */,
				DE0E517B220830B200BFBB0B /* Resources */,
			);
			path = AlgoApp;
			sourceTree = "<group>";
		};
		DE0E516522070C2A00BFBB0B /* AlgoAppTests */ = {
			isa = PBXGroup;
			children = (
				DE0E516622070C2A00BFBB0B /* AlgoAppTests.swift */,
				DE0E516822070C2A00BFBB0B /* Info.plist */,
			);
			path = AlgoAppTests;
			sourceTree = "<group>";
		};
		DE0E517122082E0800BFBB0B /* Home */ = {
			isa = PBXGroup;
			children = (
				DE0E517422082E5400BFBB0B /* HomeViewModel.swift */,
				DE0E515322070C2800BFBB0B /* HomeViewController.swift */,
				DE0E517222082E2700BFBB0B /* HomeTableViewCell.swift */,
				DE0E518E22088F1C00BFBB0B /* QuestionCellModel.swift */,
			);
			path = Home;
			sourceTree = "<group>";
		};
		DE0E517A220830A000BFBB0B /* Source */ = {
			isa = PBXGroup;
			children = (
				DE0E515122070C2800BFBB0B /* AppDelegate.swift */,
				DE1D26CF223CE9EA00AA9F68 /* AppConfigs.swift */,
				DE195DC32219CAB700BDDFB4 /* Theme.swift */,
				DE1D26D3223E3C7800AA9F68 /* NotificationHelper.swift */,
				DE0E517D2208408E00BFBB0B /* Models */,
				DE0E517122082E0800BFBB0B /* Home */,
				DE157EA5221D398C0040B4E9 /* Filter */,
				DE0E518922088A1300BFBB0B /* Detail */,
				DE195DC02219483B00BDDFB4 /* WebView */,
				DE13A11422226A630091FF96 /* CodeView */,
				DE1AC96E22317B710044D83D /* Reminder */,
				DE112E9E22351637003A5796 /* ReminderDetail */,
				DE1BA9AB222BA736009C30B0 /* Settings */,
				DE0E51882208524600BFBB0B /* Extensions */,
			);
			path = Source;
			sourceTree = "<group>";
		};
		DE0E517B220830B200BFBB0B /* Resources */ = {
			isa = PBXGroup;
			children = (
				DE0E515522070C2800BFBB0B /* Main.storyboard */,
				DE0E515A22070C2A00BFBB0B /* LaunchScreen.storyboard */,
				DE0E515822070C2A00BFBB0B /* Assets.xcassets */,
			);
			path = Resources;
			sourceTree = "<group>";
		};
		DE0E517C220830C000BFBB0B /* Data */ = {
			isa = PBXGroup;
			children = (
				DE13936D221A491200F70F80 /* default.realm */,
			);
			path = Data;
			sourceTree = "<group>";
		};
		DE0E517D2208408E00BFBB0B /* Models */ = {
			isa = PBXGroup;
			children = (
				DE0E517F220840A400BFBB0B /* Question.swift */,
				DE0E517E220840A400BFBB0B /* Tag.swift */,
				DE0E51822208413E00BFBB0B /* Company.swift */,
				DE0E51842208416100BFBB0B /* QuestionList.swift */,
				DE112E9A223510D5003A5796 /* Reminder.swift */,
				DE112E9C223511B5003A5796 /* QuestionFilter.swift */,
			);
			path = Models;
			sourceTree = "<group>";
		};
		DE0E51882208524600BFBB0B /* Extensions */ = {
			isa = PBXGroup;
			children = (
				DE1BA9AF222C0D44009C30B0 /* UINavigationBar+Extension.swift */,
				DE1BA9AE222C0D44009C30B0 /* UITabBarController+Extension.swift */,
				DE0E51862208524200BFBB0B /* UIColor+Utility.swift */,
				DE12A358221D9B55002F51FD /* SwiftMessagesBottomSegue.swift */,
				DE112E982233E200003A5796 /* AppUtility.swift */,
				DE1D26D1223CFD2500AA9F68 /* UIView+Extension.swift */,
			);
			path = Extensions;
			sourceTree = "<group>";
		};
		DE0E518922088A1300BFBB0B /* Detail */ = {
			isa = PBXGroup;
			children = (
				DE0E518C22088A3F00BFBB0B /* DetailViewModel.swift */,
				DE0E518A22088A3200BFBB0B /* DetailViewController.swift */,
				DE13A1192222DEFB0091FF96 /* QuestionDetailModel.swift */,
				DE0F99FA222F900F0034BF3E /* SolutionScraper.swift */,
			);
			path = Detail;
			sourceTree = "<group>";
		};
		DE112E9E22351637003A5796 /* ReminderDetail */ = {
			isa = PBXGroup;
			children = (
				DE112E9F22351652003A5796 /* ReminderDetailViewModel.swift */,
				DE112E9622337451003A5796 /* ReminderDetailViewController.swift */,
			);
			path = ReminderDetail;
			sourceTree = "<group>";
		};
		DE13A11422226A630091FF96 /* CodeView */ = {
			isa = PBXGroup;
			children = (
				DE13A11722226B920091FF96 /* CodeViewModel.swift */,
				DE13A11522226A7F0091FF96 /* CodeViewController.swift */,
			);
			path = CodeView;
			sourceTree = "<group>";
		};
		DE157EA5221D398C0040B4E9 /* Filter */ = {
			isa = PBXGroup;
			children = (
				DE157EA8221D39A90040B4E9 /* FilterViewModel.swift */,
				DE157EA6221D399E0040B4E9 /* FilterViewController.swift */,
			);
			path = Filter;
			sourceTree = "<group>";
		};
		DE195DC02219483B00BDDFB4 /* WebView */ = {
			isa = PBXGroup;
			children = (
				DE195DC12219485F00BDDFB4 /* WebViewController.swift */,
			);
			path = WebView;
			sourceTree = "<group>";
		};
		DE1AC96E22317B710044D83D /* Reminder */ = {
			isa = PBXGroup;
			children = (
				DE112EA12235169D003A5796 /* RemindersViewModel.swift */,
				DE1AC96F22317BA30044D83D /* RemindersViewController.swift */,
				DE1E399E2236C82900DD3465 /* ReminderCell.swift */,
			);
			path = Reminder;
			sourceTree = "<group>";
		};
		DE1BA9AB222BA736009C30B0 /* Settings */ = {
			isa = PBXGroup;
			children = (
				DE1BA9AC222BA918009C30B0 /* SettingsController.swift */,
			);
			path = Settings;
			sourceTree = "<group>";
		};
/* End PBXGroup section */

/* Begin PBXNativeTarget section */
		DE0E514D22070C2800BFBB0B /* AlgoApp */ = {
			isa = PBXNativeTarget;
			buildConfigurationList = DE0E516B22070C2A00BFBB0B /* Build configuration list for PBXNativeTarget "AlgoApp" */;
			buildPhases = (
				F9FA04633E6B74E0C1301CB6 /* [CP] Check Pods Manifest.lock */,
				DE0E514A22070C2800BFBB0B /* Sources */,
				DE0E514B22070C2800BFBB0B /* Frameworks */,
				DE0E514C22070C2800BFBB0B /* Resources */,
				02CB798C52235E92E9E29044 /* [CP] Embed Pods Frameworks */,
			);
			buildRules = (
			);
			dependencies = (
			);
			name = AlgoApp;
			productName = AlgoApp;
			productReference = DE0E514E22070C2800BFBB0B /* AlgoApp.app */;
			productType = "com.apple.product-type.application";
		};
		DE0E516122070C2A00BFBB0B /* AlgoAppTests */ = {
			isa = PBXNativeTarget;
			buildConfigurationList = DE0E516E22070C2A00BFBB0B /* Build configuration list for PBXNativeTarget "AlgoAppTests" */;
			buildPhases = (
				05C5B2A30625B451727F3054 /* [CP] Check Pods Manifest.lock */,
				DE0E515E22070C2A00BFBB0B /* Sources */,
				DE0E515F22070C2A00BFBB0B /* Frameworks */,
				DE0E516022070C2A00BFBB0B /* Resources */,
				10D61FCA5276208172040CE5 /* [CP] Embed Pods Frameworks */,
			);
			buildRules = (
			);
			dependencies = (
				DE0E516422070C2A00BFBB0B /* PBXTargetDependency */,
			);
			name = AlgoAppTests;
			productName = AlgoAppTests;
			productReference = DE0E516222070C2A00BFBB0B /* AlgoAppTests.xctest */;
			productType = "com.apple.product-type.bundle.unit-test";
		};
/* End PBXNativeTarget section */

/* Begin PBXProject section */
		DE0E514622070C2800BFBB0B /* Project object */ = {
			isa = PBXProject;
			attributes = {
				LastSwiftUpdateCheck = 1010;
				LastUpgradeCheck = 1010;
				ORGANIZATIONNAME = "Huong Do";
				TargetAttributes = {
					DE0E514D22070C2800BFBB0B = {
						CreatedOnToolsVersion = 10.1;
					};
					DE0E516122070C2A00BFBB0B = {
						CreatedOnToolsVersion = 10.1;
						TestTargetID = DE0E514D22070C2800BFBB0B;
					};
				};
			};
			buildConfigurationList = DE0E514922070C2800BFBB0B /* Build configuration list for PBXProject "AlgoApp" */;
			compatibilityVersion = "Xcode 9.3";
			developmentRegion = en;
			hasScannedForEncodings = 0;
			knownRegions = (
				en,
				Base,
			);
			mainGroup = DE0E514522070C2800BFBB0B;
			productRefGroup = DE0E514F22070C2800BFBB0B /* Products */;
			projectDirPath = "";
			projectRoot = "";
			targets = (
				DE0E514D22070C2800BFBB0B /* AlgoApp */,
				DE0E516122070C2A00BFBB0B /* AlgoAppTests */,
			);
		};
/* End PBXProject section */

/* Begin PBXResourcesBuildPhase section */
		DE0E514C22070C2800BFBB0B /* Resources */ = {
			isa = PBXResourcesBuildPhase;
			buildActionMask = 2147483647;
			files = (
				DE0E515C22070C2A00BFBB0B /* LaunchScreen.storyboard in Resources */,
				DE13936E221A491200F70F80 /* default.realm in Resources */,
				DE0E515922070C2A00BFBB0B /* Assets.xcassets in Resources */,
				DE0E515722070C2800BFBB0B /* Main.storyboard in Resources */,
			);
			runOnlyForDeploymentPostprocessing = 0;
		};
		DE0E516022070C2A00BFBB0B /* Resources */ = {
			isa = PBXResourcesBuildPhase;
			buildActionMask = 2147483647;
			files = (
			);
			runOnlyForDeploymentPostprocessing = 0;
		};
/* End PBXResourcesBuildPhase section */

/* Begin PBXShellScriptBuildPhase section */
		02CB798C52235E92E9E29044 /* [CP] Embed Pods Frameworks */ = {
			isa = PBXShellScriptBuildPhase;
			buildActionMask = 2147483647;
			files = (
			);
			inputFileListPaths = (
			);
			inputPaths = (
				"${PODS_ROOT}/Target Support Files/Pods-AlgoApp/Pods-AlgoApp-frameworks.sh",
				"${BUILT_PRODUCTS_DIR}/Differentiator/Differentiator.framework",
				"${BUILT_PRODUCTS_DIR}/FloatingPanel/FloatingPanel.framework",
				"${BUILT_PRODUCTS_DIR}/Hero/Hero.framework",
				"${BUILT_PRODUCTS_DIR}/Highlightr/Highlightr.framework",
				"${BUILT_PRODUCTS_DIR}/Kanna/Kanna.framework",
				"${BUILT_PRODUCTS_DIR}/Realm/Realm.framework",
				"${BUILT_PRODUCTS_DIR}/RealmSwift/RealmSwift.framework",
				"${BUILT_PRODUCTS_DIR}/Reusable/Reusable.framework",
				"${BUILT_PRODUCTS_DIR}/RxAtomic/RxAtomic.framework",
				"${BUILT_PRODUCTS_DIR}/RxCocoa/RxCocoa.framework",
				"${BUILT_PRODUCTS_DIR}/RxDataSources/RxDataSources.framework",
				"${BUILT_PRODUCTS_DIR}/RxOptional/RxOptional.framework",
				"${BUILT_PRODUCTS_DIR}/RxRealm/RxRealm.framework",
				"${BUILT_PRODUCTS_DIR}/RxSwift/RxSwift.framework",
				"${BUILT_PRODUCTS_DIR}/SnapKit/SnapKit.framework",
				"${BUILT_PRODUCTS_DIR}/StringExtensionHTML/StringExtensionHTML.framework",
				"${BUILT_PRODUCTS_DIR}/SwiftMessages/SwiftMessages.framework",
				"${BUILT_PRODUCTS_DIR}/Tags/Tags.framework",
			);
			name = "[CP] Embed Pods Frameworks";
			outputFileListPaths = (
			);
			outputPaths = (
				"${TARGET_BUILD_DIR}/${FRAMEWORKS_FOLDER_PATH}/Differentiator.framework",
				"${TARGET_BUILD_DIR}/${FRAMEWORKS_FOLDER_PATH}/FloatingPanel.framework",
				"${TARGET_BUILD_DIR}/${FRAMEWORKS_FOLDER_PATH}/Hero.framework",
				"${TARGET_BUILD_DIR}/${FRAMEWORKS_FOLDER_PATH}/Highlightr.framework",
				"${TARGET_BUILD_DIR}/${FRAMEWORKS_FOLDER_PATH}/Kanna.framework",
				"${TARGET_BUILD_DIR}/${FRAMEWORKS_FOLDER_PATH}/Realm.framework",
				"${TARGET_BUILD_DIR}/${FRAMEWORKS_FOLDER_PATH}/RealmSwift.framework",
				"${TARGET_BUILD_DIR}/${FRAMEWORKS_FOLDER_PATH}/Reusable.framework",
				"${TARGET_BUILD_DIR}/${FRAMEWORKS_FOLDER_PATH}/RxAtomic.framework",
				"${TARGET_BUILD_DIR}/${FRAMEWORKS_FOLDER_PATH}/RxCocoa.framework",
				"${TARGET_BUILD_DIR}/${FRAMEWORKS_FOLDER_PATH}/RxDataSources.framework",
				"${TARGET_BUILD_DIR}/${FRAMEWORKS_FOLDER_PATH}/RxOptional.framework",
				"${TARGET_BUILD_DIR}/${FRAMEWORKS_FOLDER_PATH}/RxRealm.framework",
				"${TARGET_BUILD_DIR}/${FRAMEWORKS_FOLDER_PATH}/RxSwift.framework",
				"${TARGET_BUILD_DIR}/${FRAMEWORKS_FOLDER_PATH}/SnapKit.framework",
				"${TARGET_BUILD_DIR}/${FRAMEWORKS_FOLDER_PATH}/StringExtensionHTML.framework",
				"${TARGET_BUILD_DIR}/${FRAMEWORKS_FOLDER_PATH}/SwiftMessages.framework",
				"${TARGET_BUILD_DIR}/${FRAMEWORKS_FOLDER_PATH}/Tags.framework",
			);
			runOnlyForDeploymentPostprocessing = 0;
			shellPath = /bin/sh;
			shellScript = "\"${PODS_ROOT}/Target Support Files/Pods-AlgoApp/Pods-AlgoApp-frameworks.sh\"\n";
			showEnvVarsInLog = 0;
		};
		05C5B2A30625B451727F3054 /* [CP] Check Pods Manifest.lock */ = {
			isa = PBXShellScriptBuildPhase;
			buildActionMask = 2147483647;
			files = (
			);
			inputFileListPaths = (
			);
			inputPaths = (
				"${PODS_PODFILE_DIR_PATH}/Podfile.lock",
				"${PODS_ROOT}/Manifest.lock",
			);
			name = "[CP] Check Pods Manifest.lock";
			outputFileListPaths = (
			);
			outputPaths = (
				"$(DERIVED_FILE_DIR)/Pods-AlgoAppTests-checkManifestLockResult.txt",
			);
			runOnlyForDeploymentPostprocessing = 0;
			shellPath = /bin/sh;
			shellScript = "diff \"${PODS_PODFILE_DIR_PATH}/Podfile.lock\" \"${PODS_ROOT}/Manifest.lock\" > /dev/null\nif [ $? != 0 ] ; then\n    # print error to STDERR\n    echo \"error: The sandbox is not in sync with the Podfile.lock. Run 'pod install' or update your CocoaPods installation.\" >&2\n    exit 1\nfi\n# This output is used by Xcode 'outputs' to avoid re-running this script phase.\necho \"SUCCESS\" > \"${SCRIPT_OUTPUT_FILE_0}\"\n";
			showEnvVarsInLog = 0;
		};
		10D61FCA5276208172040CE5 /* [CP] Embed Pods Frameworks */ = {
			isa = PBXShellScriptBuildPhase;
			buildActionMask = 2147483647;
			files = (
			);
			inputFileListPaths = (
			);
			inputPaths = (
				"${PODS_ROOT}/Target Support Files/Pods-AlgoAppTests/Pods-AlgoAppTests-frameworks.sh",
				"${BUILT_PRODUCTS_DIR}/Differentiator/Differentiator.framework",
				"${BUILT_PRODUCTS_DIR}/Kanna/Kanna.framework",
				"${BUILT_PRODUCTS_DIR}/Realm/Realm.framework",
				"${BUILT_PRODUCTS_DIR}/RealmSwift/RealmSwift.framework",
				"${BUILT_PRODUCTS_DIR}/Reusable/Reusable.framework",
				"${BUILT_PRODUCTS_DIR}/RxAtomic/RxAtomic.framework",
				"${BUILT_PRODUCTS_DIR}/RxCocoa/RxCocoa.framework",
				"${BUILT_PRODUCTS_DIR}/RxDataSources/RxDataSources.framework",
				"${BUILT_PRODUCTS_DIR}/RxOptional/RxOptional.framework",
				"${BUILT_PRODUCTS_DIR}/RxRealm/RxRealm.framework",
				"${BUILT_PRODUCTS_DIR}/RxSwift/RxSwift.framework",
				"${BUILT_PRODUCTS_DIR}/StringExtensionHTML/StringExtensionHTML.framework",
				"${BUILT_PRODUCTS_DIR}/Nimble/Nimble.framework",
				"${BUILT_PRODUCTS_DIR}/Nimble-Snapshots/Nimble_Snapshots.framework",
				"${BUILT_PRODUCTS_DIR}/Quick/Quick.framework",
				"${BUILT_PRODUCTS_DIR}/RxBlocking/RxBlocking.framework",
				"${BUILT_PRODUCTS_DIR}/RxTest/RxTest.framework",
				"${BUILT_PRODUCTS_DIR}/iOSSnapshotTestCase/FBSnapshotTestCase.framework",
			);
			name = "[CP] Embed Pods Frameworks";
			outputFileListPaths = (
			);
			outputPaths = (
				"${TARGET_BUILD_DIR}/${FRAMEWORKS_FOLDER_PATH}/Differentiator.framework",
				"${TARGET_BUILD_DIR}/${FRAMEWORKS_FOLDER_PATH}/Kanna.framework",
				"${TARGET_BUILD_DIR}/${FRAMEWORKS_FOLDER_PATH}/Realm.framework",
				"${TARGET_BUILD_DIR}/${FRAMEWORKS_FOLDER_PATH}/RealmSwift.framework",
				"${TARGET_BUILD_DIR}/${FRAMEWORKS_FOLDER_PATH}/Reusable.framework",
				"${TARGET_BUILD_DIR}/${FRAMEWORKS_FOLDER_PATH}/RxAtomic.framework",
				"${TARGET_BUILD_DIR}/${FRAMEWORKS_FOLDER_PATH}/RxCocoa.framework",
				"${TARGET_BUILD_DIR}/${FRAMEWORKS_FOLDER_PATH}/RxDataSources.framework",
				"${TARGET_BUILD_DIR}/${FRAMEWORKS_FOLDER_PATH}/RxOptional.framework",
				"${TARGET_BUILD_DIR}/${FRAMEWORKS_FOLDER_PATH}/RxRealm.framework",
				"${TARGET_BUILD_DIR}/${FRAMEWORKS_FOLDER_PATH}/RxSwift.framework",
				"${TARGET_BUILD_DIR}/${FRAMEWORKS_FOLDER_PATH}/StringExtensionHTML.framework",
				"${TARGET_BUILD_DIR}/${FRAMEWORKS_FOLDER_PATH}/Nimble.framework",
				"${TARGET_BUILD_DIR}/${FRAMEWORKS_FOLDER_PATH}/Nimble_Snapshots.framework",
				"${TARGET_BUILD_DIR}/${FRAMEWORKS_FOLDER_PATH}/Quick.framework",
				"${TARGET_BUILD_DIR}/${FRAMEWORKS_FOLDER_PATH}/RxBlocking.framework",
				"${TARGET_BUILD_DIR}/${FRAMEWORKS_FOLDER_PATH}/RxTest.framework",
				"${TARGET_BUILD_DIR}/${FRAMEWORKS_FOLDER_PATH}/FBSnapshotTestCase.framework",
			);
			runOnlyForDeploymentPostprocessing = 0;
			shellPath = /bin/sh;
			shellScript = "\"${PODS_ROOT}/Target Support Files/Pods-AlgoAppTests/Pods-AlgoAppTests-frameworks.sh\"\n";
			showEnvVarsInLog = 0;
		};
		F9FA04633E6B74E0C1301CB6 /* [CP] Check Pods Manifest.lock */ = {
			isa = PBXShellScriptBuildPhase;
			buildActionMask = 2147483647;
			files = (
			);
			inputFileListPaths = (
			);
			inputPaths = (
				"${PODS_PODFILE_DIR_PATH}/Podfile.lock",
				"${PODS_ROOT}/Manifest.lock",
			);
			name = "[CP] Check Pods Manifest.lock";
			outputFileListPaths = (
			);
			outputPaths = (
				"$(DERIVED_FILE_DIR)/Pods-AlgoApp-checkManifestLockResult.txt",
			);
			runOnlyForDeploymentPostprocessing = 0;
			shellPath = /bin/sh;
			shellScript = "diff \"${PODS_PODFILE_DIR_PATH}/Podfile.lock\" \"${PODS_ROOT}/Manifest.lock\" > /dev/null\nif [ $? != 0 ] ; then\n    # print error to STDERR\n    echo \"error: The sandbox is not in sync with the Podfile.lock. Run 'pod install' or update your CocoaPods installation.\" >&2\n    exit 1\nfi\n# This output is used by Xcode 'outputs' to avoid re-running this script phase.\necho \"SUCCESS\" > \"${SCRIPT_OUTPUT_FILE_0}\"\n";
			showEnvVarsInLog = 0;
		};
/* End PBXShellScriptBuildPhase section */

/* Begin PBXSourcesBuildPhase section */
		DE0E514A22070C2800BFBB0B /* Sources */ = {
			isa = PBXSourcesBuildPhase;
			buildActionMask = 2147483647;
			files = (
				DE195DC42219CAB700BDDFB4 /* Theme.swift in Sources */,
				DE0E517322082E2700BFBB0B /* HomeTableViewCell.swift in Sources */,
				DE112E992233E200003A5796 /* AppUtility.swift in Sources */,
				DE1E399F2236C82900DD3465 /* ReminderCell.swift in Sources */,
				DE157EA9221D39A90040B4E9 /* FilterViewModel.swift in Sources */,
				DE1BA9B0222C0D44009C30B0 /* UITabBarController+Extension.swift in Sources */,
				DE1BA9AD222BA918009C30B0 /* SettingsController.swift in Sources */,
				DE112E9722337451003A5796 /* ReminderDetailViewController.swift in Sources */,
				DE1D26D4223E3C7800AA9F68 /* NotificationHelper.swift in Sources */,
				DE112EA022351652003A5796 /* ReminderDetailViewModel.swift in Sources */,
				DE0F99FB222F900F0034BF3E /* SolutionScraper.swift in Sources */,
				DE0E51852208416100BFBB0B /* QuestionList.swift in Sources */,
				DE1D26D0223CE9EA00AA9F68 /* AppConfigs.swift in Sources */,
				DE13A11822226B920091FF96 /* CodeViewModel.swift in Sources */,
				DE0E51872208524200BFBB0B /* UIColor+Utility.swift in Sources */,
				DE0E515422070C2800BFBB0B /* HomeViewController.swift in Sources */,
				DE0E518F22088F1C00BFBB0B /* QuestionCellModel.swift in Sources */,
				DE13A11A2222DEFB0091FF96 /* QuestionDetailModel.swift in Sources */,
				DE0E5180220840A400BFBB0B /* Tag.swift in Sources */,
				DE112E9B223510D5003A5796 /* Reminder.swift in Sources */,
				DE0E5181220840A400BFBB0B /* Question.swift in Sources */,
				DE0E51832208413E00BFBB0B /* Company.swift in Sources */,
				DE1BA9B1222C0D44009C30B0 /* UINavigationBar+Extension.swift in Sources */,
				DE157EA7221D399E0040B4E9 /* FilterViewController.swift in Sources */,
				DE112EA22235169D003A5796 /* RemindersViewModel.swift in Sources */,
				DE1D26D2223CFD2500AA9F68 /* UIView+Extension.swift in Sources */,
				DE0E518B22088A3200BFBB0B /* DetailViewController.swift in Sources */,
				DE0E515222070C2800BFBB0B /* AppDelegate.swift in Sources */,
				DE0E518D22088A3F00BFBB0B /* DetailViewModel.swift in Sources */,
				DE12A359221D9B55002F51FD /* SwiftMessagesBottomSegue.swift in Sources */,
				DE13A11622226A7F0091FF96 /* CodeViewController.swift in Sources */,
				DE1AC97022317BA30044D83D /* RemindersViewController.swift in Sources */,
				DE195DC22219485F00BDDFB4 /* WebViewController.swift in Sources */,
				DE0E517522082E5400BFBB0B /* HomeViewModel.swift in Sources */,
				DE112E9D223511B5003A5796 /* QuestionFilter.swift in Sources */,
			);
			runOnlyForDeploymentPostprocessing = 0;
		};
		DE0E515E22070C2A00BFBB0B /* Sources */ = {
			isa = PBXSourcesBuildPhase;
			buildActionMask = 2147483647;
			files = (
				DE0E516722070C2A00BFBB0B /* AlgoAppTests.swift in Sources */,
			);
			runOnlyForDeploymentPostprocessing = 0;
		};
/* End PBXSourcesBuildPhase section */

/* Begin PBXTargetDependency section */
		DE0E516422070C2A00BFBB0B /* PBXTargetDependency */ = {
			isa = PBXTargetDependency;
			target = DE0E514D22070C2800BFBB0B /* AlgoApp */;
			targetProxy = DE0E516322070C2A00BFBB0B /* PBXContainerItemProxy */;
		};
/* End PBXTargetDependency section */

/* Begin PBXVariantGroup section */
		DE0E515522070C2800BFBB0B /* Main.storyboard */ = {
			isa = PBXVariantGroup;
			children = (
				DE0E515622070C2800BFBB0B /* Base */,
			);
			name = Main.storyboard;
			sourceTree = "<group>";
		};
		DE0E515A22070C2A00BFBB0B /* LaunchScreen.storyboard */ = {
			isa = PBXVariantGroup;
			children = (
				DE0E515B22070C2A00BFBB0B /* Base */,
			);
			name = LaunchScreen.storyboard;
			sourceTree = "<group>";
		};
/* End PBXVariantGroup section */

/* Begin XCBuildConfiguration section */
		DE0E516922070C2A00BFBB0B /* Debug */ = {
			isa = XCBuildConfiguration;
			buildSettings = {
				ALWAYS_SEARCH_USER_PATHS = NO;
				CLANG_ANALYZER_NONNULL = YES;
				CLANG_ANALYZER_NUMBER_OBJECT_CONVERSION = YES_AGGRESSIVE;
				CLANG_CXX_LANGUAGE_STANDARD = "gnu++14";
				CLANG_CXX_LIBRARY = "libc++";
				CLANG_ENABLE_MODULES = YES;
				CLANG_ENABLE_OBJC_ARC = YES;
				CLANG_ENABLE_OBJC_WEAK = YES;
				CLANG_WARN_BLOCK_CAPTURE_AUTORELEASING = YES;
				CLANG_WARN_BOOL_CONVERSION = YES;
				CLANG_WARN_COMMA = YES;
				CLANG_WARN_CONSTANT_CONVERSION = YES;
				CLANG_WARN_DEPRECATED_OBJC_IMPLEMENTATIONS = YES;
				CLANG_WARN_DIRECT_OBJC_ISA_USAGE = YES_ERROR;
				CLANG_WARN_DOCUMENTATION_COMMENTS = YES;
				CLANG_WARN_EMPTY_BODY = YES;
				CLANG_WARN_ENUM_CONVERSION = YES;
				CLANG_WARN_INFINITE_RECURSION = YES;
				CLANG_WARN_INT_CONVERSION = YES;
				CLANG_WARN_NON_LITERAL_NULL_CONVERSION = YES;
				CLANG_WARN_OBJC_IMPLICIT_RETAIN_SELF = YES;
				CLANG_WARN_OBJC_LITERAL_CONVERSION = YES;
				CLANG_WARN_OBJC_ROOT_CLASS = YES_ERROR;
				CLANG_WARN_RANGE_LOOP_ANALYSIS = YES;
				CLANG_WARN_STRICT_PROTOTYPES = YES;
				CLANG_WARN_SUSPICIOUS_MOVE = YES;
				CLANG_WARN_UNGUARDED_AVAILABILITY = YES_AGGRESSIVE;
				CLANG_WARN_UNREACHABLE_CODE = YES;
				CLANG_WARN__DUPLICATE_METHOD_MATCH = YES;
				CODE_SIGN_IDENTITY = "iPhone Developer";
				COPY_PHASE_STRIP = NO;
				DEBUG_INFORMATION_FORMAT = dwarf;
				ENABLE_STRICT_OBJC_MSGSEND = YES;
				ENABLE_TESTABILITY = YES;
				GCC_C_LANGUAGE_STANDARD = gnu11;
				GCC_DYNAMIC_NO_PIC = NO;
				GCC_NO_COMMON_BLOCKS = YES;
				GCC_OPTIMIZATION_LEVEL = 0;
				GCC_PREPROCESSOR_DEFINITIONS = (
					"DEBUG=1",
					"$(inherited)",
				);
				GCC_WARN_64_TO_32_BIT_CONVERSION = YES;
				GCC_WARN_ABOUT_RETURN_TYPE = YES_ERROR;
				GCC_WARN_UNDECLARED_SELECTOR = YES;
				GCC_WARN_UNINITIALIZED_AUTOS = YES_AGGRESSIVE;
				GCC_WARN_UNUSED_FUNCTION = YES;
				GCC_WARN_UNUSED_VARIABLE = YES;
				IPHONEOS_DEPLOYMENT_TARGET = 12.1;
				MTL_ENABLE_DEBUG_INFO = INCLUDE_SOURCE;
				MTL_FAST_MATH = YES;
				ONLY_ACTIVE_ARCH = YES;
				SDKROOT = iphoneos;
				SWIFT_ACTIVE_COMPILATION_CONDITIONS = DEBUG;
				SWIFT_OPTIMIZATION_LEVEL = "-Onone";
			};
			name = Debug;
		};
		DE0E516A22070C2A00BFBB0B /* Release */ = {
			isa = XCBuildConfiguration;
			buildSettings = {
				ALWAYS_SEARCH_USER_PATHS = NO;
				CLANG_ANALYZER_NONNULL = YES;
				CLANG_ANALYZER_NUMBER_OBJECT_CONVERSION = YES_AGGRESSIVE;
				CLANG_CXX_LANGUAGE_STANDARD = "gnu++14";
				CLANG_CXX_LIBRARY = "libc++";
				CLANG_ENABLE_MODULES = YES;
				CLANG_ENABLE_OBJC_ARC = YES;
				CLANG_ENABLE_OBJC_WEAK = YES;
				CLANG_WARN_BLOCK_CAPTURE_AUTORELEASING = YES;
				CLANG_WARN_BOOL_CONVERSION = YES;
				CLANG_WARN_COMMA = YES;
				CLANG_WARN_CONSTANT_CONVERSION = YES;
				CLANG_WARN_DEPRECATED_OBJC_IMPLEMENTATIONS = YES;
				CLANG_WARN_DIRECT_OBJC_ISA_USAGE = YES_ERROR;
				CLANG_WARN_DOCUMENTATION_COMMENTS = YES;
				CLANG_WARN_EMPTY_BODY = YES;
				CLANG_WARN_ENUM_CONVERSION = YES;
				CLANG_WARN_INFINITE_RECURSION = YES;
				CLANG_WARN_INT_CONVERSION = YES;
				CLANG_WARN_NON_LITERAL_NULL_CONVERSION = YES;
				CLANG_WARN_OBJC_IMPLICIT_RETAIN_SELF = YES;
				CLANG_WARN_OBJC_LITERAL_CONVERSION = YES;
				CLANG_WARN_OBJC_ROOT_CLASS = YES_ERROR;
				CLANG_WARN_RANGE_LOOP_ANALYSIS = YES;
				CLANG_WARN_STRICT_PROTOTYPES = YES;
				CLANG_WARN_SUSPICIOUS_MOVE = YES;
				CLANG_WARN_UNGUARDED_AVAILABILITY = YES_AGGRESSIVE;
				CLANG_WARN_UNREACHABLE_CODE = YES;
				CLANG_WARN__DUPLICATE_METHOD_MATCH = YES;
				CODE_SIGN_IDENTITY = "iPhone Developer";
				COPY_PHASE_STRIP = NO;
				DEBUG_INFORMATION_FORMAT = "dwarf-with-dsym";
				ENABLE_NS_ASSERTIONS = NO;
				ENABLE_STRICT_OBJC_MSGSEND = YES;
				GCC_C_LANGUAGE_STANDARD = gnu11;
				GCC_NO_COMMON_BLOCKS = YES;
				GCC_WARN_64_TO_32_BIT_CONVERSION = YES;
				GCC_WARN_ABOUT_RETURN_TYPE = YES_ERROR;
				GCC_WARN_UNDECLARED_SELECTOR = YES;
				GCC_WARN_UNINITIALIZED_AUTOS = YES_AGGRESSIVE;
				GCC_WARN_UNUSED_FUNCTION = YES;
				GCC_WARN_UNUSED_VARIABLE = YES;
				IPHONEOS_DEPLOYMENT_TARGET = 12.1;
				MTL_ENABLE_DEBUG_INFO = NO;
				MTL_FAST_MATH = YES;
				SDKROOT = iphoneos;
				SWIFT_COMPILATION_MODE = wholemodule;
				SWIFT_OPTIMIZATION_LEVEL = "-O";
				VALIDATE_PRODUCT = YES;
			};
			name = Release;
		};
		DE0E516C22070C2A00BFBB0B /* Debug */ = {
			isa = XCBuildConfiguration;
			baseConfigurationReference = 6591BD170AE1C7DCDB3DEDB6 /* Pods-AlgoApp.debug.xcconfig */;
			buildSettings = {
				ASSETCATALOG_COMPILER_APPICON_NAME = AppIcon;
				CODE_SIGN_STYLE = Automatic;
				DEVELOPMENT_TEAM = 2L9U9J29G7;
				INFOPLIST_FILE = AlgoApp/Info.plist;
				IPHONEOS_DEPLOYMENT_TARGET = 11.1;
				LD_RUNPATH_SEARCH_PATHS = (
					"$(inherited)",
					"@executable_path/Frameworks",
				);
				PRODUCT_BUNDLE_IDENTIFIER = com.ichigo.AlgoApp;
				PRODUCT_NAME = "$(TARGET_NAME)";
				SWIFT_VERSION = 4.2;
				TARGETED_DEVICE_FAMILY = "1,2";
			};
			name = Debug;
		};
		DE0E516D22070C2A00BFBB0B /* Release */ = {
			isa = XCBuildConfiguration;
			baseConfigurationReference = E0D5C7C0E780C2860EE7E3CD /* Pods-AlgoApp.release.xcconfig */;
			buildSettings = {
				ASSETCATALOG_COMPILER_APPICON_NAME = AppIcon;
				CODE_SIGN_STYLE = Automatic;
				DEVELOPMENT_TEAM = 2L9U9J29G7;
				INFOPLIST_FILE = AlgoApp/Info.plist;
				IPHONEOS_DEPLOYMENT_TARGET = 11.1;
				LD_RUNPATH_SEARCH_PATHS = (
					"$(inherited)",
					"@executable_path/Frameworks",
				);
				PRODUCT_BUNDLE_IDENTIFIER = com.ichigo.AlgoApp;
				PRODUCT_NAME = "$(TARGET_NAME)";
				SWIFT_VERSION = 4.2;
				TARGETED_DEVICE_FAMILY = "1,2";
			};
			name = Release;
		};
		DE0E516F22070C2A00BFBB0B /* Debug */ = {
			isa = XCBuildConfiguration;
			baseConfigurationReference = 040821A4F46688C4B6B3059C /* Pods-AlgoAppTests.debug.xcconfig */;
			buildSettings = {
				ALWAYS_EMBED_SWIFT_STANDARD_LIBRARIES = YES;
				BUNDLE_LOADER = "$(TEST_HOST)";
				CODE_SIGN_STYLE = Automatic;
				INFOPLIST_FILE = AlgoAppTests/Info.plist;
				LD_RUNPATH_SEARCH_PATHS = (
					"$(inherited)",
					"@executable_path/Frameworks",
					"@loader_path/Frameworks",
				);
				PRODUCT_BUNDLE_IDENTIFIER = com.ichigo.AlgoAppTests;
				PRODUCT_NAME = "$(TARGET_NAME)";
				SWIFT_VERSION = 4.2;
				TARGETED_DEVICE_FAMILY = "1,2";
				TEST_HOST = "$(BUILT_PRODUCTS_DIR)/AlgoApp.app/AlgoApp";
			};
			name = Debug;
		};
		DE0E517022070C2A00BFBB0B /* Release */ = {
			isa = XCBuildConfiguration;
			baseConfigurationReference = 7B2540EDFF9B32ED935A3A23 /* Pods-AlgoAppTests.release.xcconfig */;
			buildSettings = {
				ALWAYS_EMBED_SWIFT_STANDARD_LIBRARIES = YES;
				BUNDLE_LOADER = "$(TEST_HOST)";
				CODE_SIGN_STYLE = Automatic;
				INFOPLIST_FILE = AlgoAppTests/Info.plist;
				LD_RUNPATH_SEARCH_PATHS = (
					"$(inherited)",
					"@executable_path/Frameworks",
					"@loader_path/Frameworks",
				);
				PRODUCT_BUNDLE_IDENTIFIER = com.ichigo.AlgoAppTests;
				PRODUCT_NAME = "$(TARGET_NAME)";
				SWIFT_VERSION = 4.2;
				TARGETED_DEVICE_FAMILY = "1,2";
				TEST_HOST = "$(BUILT_PRODUCTS_DIR)/AlgoApp.app/AlgoApp";
			};
			name = Release;
		};
/* End XCBuildConfiguration section */

/* Begin XCConfigurationList section */
		DE0E514922070C2800BFBB0B /* Build configuration list for PBXProject "AlgoApp" */ = {
			isa = XCConfigurationList;
			buildConfigurations = (
				DE0E516922070C2A00BFBB0B /* Debug */,
				DE0E516A22070C2A00BFBB0B /* Release */,
			);
			defaultConfigurationIsVisible = 0;
			defaultConfigurationName = Release;
		};
		DE0E516B22070C2A00BFBB0B /* Build configuration list for PBXNativeTarget "AlgoApp" */ = {
			isa = XCConfigurationList;
			buildConfigurations = (
				DE0E516C22070C2A00BFBB0B /* Debug */,
				DE0E516D22070C2A00BFBB0B /* Release */,
			);
			defaultConfigurationIsVisible = 0;
			defaultConfigurationName = Release;
		};
		DE0E516E22070C2A00BFBB0B /* Build configuration list for PBXNativeTarget "AlgoAppTests" */ = {
			isa = XCConfigurationList;
			buildConfigurations = (
				DE0E516F22070C2A00BFBB0B /* Debug */,
				DE0E517022070C2A00BFBB0B /* Release */,
			);
			defaultConfigurationIsVisible = 0;
			defaultConfigurationName = Release;
		};
/* End XCConfigurationList section */
	};
	rootObject = DE0E514622070C2800BFBB0B /* Project object */;
}
