PODS:
  - Differentiator (4.0.1)
  - FloatingPanel (2.0.0)
  - Highlightr (2.1.0)
  - IceCream (1.13.2):
    - RealmSwift
  - Kanna (4.0.3)
  - Nimble (9.0.0)
  - PanModal (1.2.7)
  - Quick (3.0.0)
  - Realm (5.5.0):
    - Realm/Headers (= 5.5.0)
  - Realm/Headers (5.5.0)
  - RealmSwift (5.5.0):
    - Realm (= 5.5.0)
  - Reusable (4.1.1):
    - Reusable/Storyboard (= 4.1.1)
    - Reusable/View (= 4.1.1)
  - Reusable/Storyboard (4.1.1)
  - Reusable/View (4.1.1)
  - RxCocoa (5.1.1):
    - RxRelay (~> 5)
    - RxSwift (~> 5)
  - RxDataSources (4.0.1):
    - Differentiator (~> 4.0)
    - RxCocoa (~> 5.0)
    - RxSwift (~> 5.0)
  - RxOptional (4.1.0):
    - RxCocoa (~> 5)
    - RxSwift (~> 5)
  - RxRealm (3.1.0):
    - RealmSwift (~> 5.2)
    - RxSwift (~> 5.0)
  - RxRelay (5.1.1):
    - RxSwift (~> 5)
  - RxSwift (5.1.1)
  - SnapKit (5.0.1)
  - StringExtensionHTML (1.0.2)
  - SVProgressHUD (2.2.5)
  - SwiftyStoreKit (0.16.1)
  - Tags (0.3.1)
  - Zephyr (3.6.0)

DEPENDENCIES:
  - FloatingPanel
  - Highlightr (from `https://github.com/itsmeichigo/Highlightr.git`)
  - IceCream
  - Kanna (~> 4.0.0)
  - Nimble
  - PanModal
  - Quick
  - RealmSwift
  - Reusable
  - RxCocoa
  - RxDataSources
  - RxOptional
  - RxRealm
  - RxSwift
  - SnapKit
  - StringExtensionHTML
  - SVProgressHUD
  - SwiftyStoreKit
  - Tags
  - Zephyr

SPEC REPOS:
  https://github.com/CocoaPods/Specs.git:
    - Differentiator
    - FloatingPanel
    - IceCream
    - Kanna
    - Nimble
    - PanModal
    - Quick
    - Realm
    - RealmSwift
    - Reusable
    - RxCocoa
    - RxDataSources
    - RxOptional
    - RxRealm
    - RxRelay
    - RxSwift
    - SnapKit
    - StringExtensionHTML
    - SVProgressHUD
    - SwiftyStoreKit
    - Tags
    - Zephyr

EXTERNAL SOURCES:
  Highlightr:
    :git: https://github.com/itsmeichigo/Highlightr.git

CHECKOUT OPTIONS:
  Highlightr:
    :commit: cc30c044667204eaec33cfec94fd59a6886ca733
    :git: https://github.com/itsmeichigo/Highlightr.git

SPEC CHECKSUMS:
  Differentiator: 886080237d9f87f322641dedbc5be257061b0602
  FloatingPanel: b0d4f9b2312b21741a18b659ddfa206b60d3b97a
  Highlightr: 683f05d5223cade533a78528a35c9f06e4caddf8
  IceCream: 9335dfa136e260ff4ba1b969a49061f5661441d3
  Kanna: 0ebbdd0e7e3308f0aafbd569e79c8cadc5eb877c
  Nimble: 3b4ec3fd40f1dc178058e0981107721c615643d8
  PanModal: 3e16ead1a907fb06f4df3f13492fd00149fa4974
  Quick: 6d9559f40647bc4d510103842ef2fdd882d753e2
  Realm: fb399d76f44042e5cdfc630f33828fdb4d077345
  RealmSwift: 3b7e62356207ef16d34de4e55d475163bd2062bb
  Reusable: 53a9acf5c536f229b31b5865782414b508252ddb
  RxCocoa: 32065309a38d29b5b0db858819b5bf9ef038b601
  RxDataSources: efee07fa4de48477eca0a4611e6d11e2da9c1114
  RxOptional: b1fcd60856807a564c0215c2184b8d33e7826dc2
  RxRealm: 50e5fe5c1f22518205afbb313fbc5580d73bc586
  RxRelay: d77f7d771495f43c556cbc43eebd1bb54d01e8e9
  RxSwift: 81470a2074fa8780320ea5fe4102807cb7118178
  SnapKit: 97b92857e3df3a0c71833cce143274bf6ef8e5eb
  StringExtensionHTML: 856dcc0c705012ae2f9c29c7413b015b82133e52
  SVProgressHUD: 1428aafac632c1f86f62aa4243ec12008d7a51d6
  SwiftyStoreKit: 6b9c08810269f030586dac1fae8e75871a82e84a
  Tags: 77420a200531fb338563b07279858edb51d080c5
  Zephyr: da639b1d1bb46a6f2034a862175dd91971968482

PODFILE CHECKSUM: d7d02bc50c1417d3d67ba86aacb35f0a10888610

COCOAPODS: 1.9.3
